// !$*UTF8*$!
{
	archiveVersion = 1;
	classes = {
	};
	objectVersion = 46;
	objects = {

/* Begin PBXBuildFile section */
		2B21F14E18D432C3007220CF /* NJMultiplayerLayeredCharacterScene.m in Sources */ = {isa = PBXBuildFile; fileRef = 2B21F14D18D432C3007220CF /* NJMultiplayerLayeredCharacterScene.m */; };
		2B21F15118D433D2007220CF /* NJLevelSceneWaterPark.m in Sources */ = {isa = PBXBuildFile; fileRef = 2B21F15018D433D2007220CF /* NJLevelSceneWaterPark.m */; };
		2B21F15418D4342E007220CF /* NJPlayer.m in Sources */ = {isa = PBXBuildFile; fileRef = 2B21F15318D4342E007220CF /* NJPlayer.m */; };
		2B25DB1218DDCAD1005A4D40 /* woodPile.png in Resources */ = {isa = PBXBuildFile; fileRef = 2B25DB1118DDCAD1005A4D40 /* woodPile.png */; };
		2B25DB1418DDCB40005A4D40 /* ninja.png in Resources */ = {isa = PBXBuildFile; fileRef = 2B25DB1318DDCB40005A4D40 /* ninja.png */; };
		2B25DB1618DDCC16005A4D40 /* jumpButton.png in Resources */ = {isa = PBXBuildFile; fileRef = 2B25DB1518DDCC16005A4D40 /* jumpButton.png */; };
		2B2708D118DD6FF20033D1BF /* NJButton.m in Sources */ = {isa = PBXBuildFile; fileRef = 2B2708D018DD6FF20033D1BF /* NJButton.m */; };
		2B43F57618DEA8C9001D98AC /* Ninja_Jump.atlas in Resources */ = {isa = PBXBuildFile; fileRef = 2B43F57518DEA8C9001D98AC /* Ninja_Jump.atlas */; };
		2B76872F18DED9F300A9CB6E /* waterParkBG.png in Resources */ = {isa = PBXBuildFile; fileRef = 2B76872E18DED9F300A9CB6E /* waterParkBG.png */; };
		2F3963DE18D8329800B66C8D /* NJNinjaCharacter.m in Sources */ = {isa = PBXBuildFile; fileRef = 2F3963DD18D8329800B66C8D /* NJNinjaCharacter.m */; };
		2F3963E118D832B300B66C8D /* NJNinjaCharacterNormal.m in Sources */ = {isa = PBXBuildFile; fileRef = 2F3963E018D832B300B66C8D /* NJNinjaCharacterNormal.m */; };
		2F3963E418D83CE000B66C8D /* NJGraphicsUnitilities.m in Sources */ = {isa = PBXBuildFile; fileRef = 2F3963E318D83CE000B66C8D /* NJGraphicsUnitilities.m */; };
		2F80BB8518D4481F00C337BB /* NJCharacter.m in Sources */ = {isa = PBXBuildFile; fileRef = 2F80BB8418D4481F00C337BB /* NJCharacter.m */; };
		2F94CD7018D419F1007DAFAD /* Foundation.framework in Frameworks */ = {isa = PBXBuildFile; fileRef = 2F94CD6F18D419F1007DAFAD /* Foundation.framework */; };
		2F94CD7218D419F1007DAFAD /* CoreGraphics.framework in Frameworks */ = {isa = PBXBuildFile; fileRef = 2F94CD7118D419F1007DAFAD /* CoreGraphics.framework */; };
		2F94CD7418D419F1007DAFAD /* UIKit.framework in Frameworks */ = {isa = PBXBuildFile; fileRef = 2F94CD7318D419F1007DAFAD /* UIKit.framework */; };
		2F94CD7618D419F1007DAFAD /* SpriteKit.framework in Frameworks */ = {isa = PBXBuildFile; fileRef = 2F94CD7518D419F1007DAFAD /* SpriteKit.framework */; };
		2F94CD7C18D419F1007DAFAD /* InfoPlist.strings in Resources */ = {isa = PBXBuildFile; fileRef = 2F94CD7A18D419F1007DAFAD /* InfoPlist.strings */; };
		2F94CD7E18D419F1007DAFAD /* main.m in Sources */ = {isa = PBXBuildFile; fileRef = 2F94CD7D18D419F1007DAFAD /* main.m */; };
		2F94CD8218D419F1007DAFAD /* NJAppDelegate.m in Sources */ = {isa = PBXBuildFile; fileRef = 2F94CD8118D419F1007DAFAD /* NJAppDelegate.m */; };
		2F94CD8518D419F1007DAFAD /* Main.storyboard in Resources */ = {isa = PBXBuildFile; fileRef = 2F94CD8318D419F1007DAFAD /* Main.storyboard */; };
		2F94CD8818D419F1007DAFAD /* NJViewController.m in Sources */ = {isa = PBXBuildFile; fileRef = 2F94CD8718D419F1007DAFAD /* NJViewController.m */; };
		2F94CD8F18D419F1007DAFAD /* Images.xcassets in Resources */ = {isa = PBXBuildFile; fileRef = 2F94CD8E18D419F1007DAFAD /* Images.xcassets */; };
		2F94CD9618D419F1007DAFAD /* XCTest.framework in Frameworks */ = {isa = PBXBuildFile; fileRef = 2F94CD9518D419F1007DAFAD /* XCTest.framework */; };
		2F94CD9718D419F1007DAFAD /* Foundation.framework in Frameworks */ = {isa = PBXBuildFile; fileRef = 2F94CD6F18D419F1007DAFAD /* Foundation.framework */; };
		2F94CD9818D419F1007DAFAD /* UIKit.framework in Frameworks */ = {isa = PBXBuildFile; fileRef = 2F94CD7318D419F1007DAFAD /* UIKit.framework */; };
		2F94CDA018D419F1007DAFAD /* InfoPlist.strings in Resources */ = {isa = PBXBuildFile; fileRef = 2F94CD9E18D419F1007DAFAD /* InfoPlist.strings */; };
		2F94CDA218D419F1007DAFAD /* NinjaJumpTests.m in Sources */ = {isa = PBXBuildFile; fileRef = 2F94CDA118D419F1007DAFAD /* NinjaJumpTests.m */; };
		C4CAA7FF18DB21830070F3D5 /* NJPath.m in Sources */ = {isa = PBXBuildFile; fileRef = C4CAA7FC18DB21830070F3D5 /* NJPath.m */; };
		C4CAA80018DB21830070F3D5 /* NJPile.m in Sources */ = {isa = PBXBuildFile; fileRef = C4CAA7FE18DB21830070F3D5 /* NJPile.m */; };
		C93FB35818DF0BFA00D9B207 /* NJLoadScene.m in Sources */ = {isa = PBXBuildFile; fileRef = C93FB35718DF0BFA00D9B207 /* NJLoadScene.m */; };
		C93FB36018DF0C9E00D9B207 /* light.png in Resources */ = {isa = PBXBuildFile; fileRef = C93FB35C18DF0C9E00D9B207 /* light.png */; };
		C93FB36118DF0C9E00D9B207 /* loading bar.png in Resources */ = {isa = PBXBuildFile; fileRef = C93FB35D18DF0C9E00D9B207 /* loading bar.png */; };
		C93FB36218DF0C9E00D9B207 /* loading bar2.png in Resources */ = {isa = PBXBuildFile; fileRef = C93FB35E18DF0C9E00D9B207 /* loading bar2.png */; };
		C93FB36318DF0C9E00D9B207 /* logo.png in Resources */ = {isa = PBXBuildFile; fileRef = C93FB35F18DF0C9E00D9B207 /* logo.png */; };
/* End PBXBuildFile section */

/* Begin PBXContainerItemProxy section */
		2F94CD9918D419F1007DAFAD /* PBXContainerItemProxy */ = {
			isa = PBXContainerItemProxy;
			containerPortal = 2F94CD6418D419F1007DAFAD /* Project object */;
			proxyType = 1;
			remoteGlobalIDString = 2F94CD6B18D419F1007DAFAD;
			remoteInfo = NinjaJump;
		};
/* End PBXContainerItemProxy section */

/* Begin PBXFileReference section */
		2B21F14C18D432C3007220CF /* NJMultiplayerLayeredCharacterScene.h */ = {isa = PBXFileReference; fileEncoding = 4; lastKnownFileType = sourcecode.c.h; name = NJMultiplayerLayeredCharacterScene.h; path = Scenes/NJMultiplayerLayeredCharacterScene.h; sourceTree = "<group>"; };
		2B21F14D18D432C3007220CF /* NJMultiplayerLayeredCharacterScene.m */ = {isa = PBXFileReference; fileEncoding = 4; lastKnownFileType = sourcecode.c.objc; name = NJMultiplayerLayeredCharacterScene.m; path = Scenes/NJMultiplayerLayeredCharacterScene.m; sourceTree = "<group>"; };
		2B21F14F18D433D2007220CF /* NJLevelSceneWaterPark.h */ = {isa = PBXFileReference; fileEncoding = 4; lastKnownFileType = sourcecode.c.h; name = NJLevelSceneWaterPark.h; path = Scenes/NJLevelSceneWaterPark.h; sourceTree = "<group>"; };
		2B21F15018D433D2007220CF /* NJLevelSceneWaterPark.m */ = {isa = PBXFileReference; fileEncoding = 4; lastKnownFileType = sourcecode.c.objc; name = NJLevelSceneWaterPark.m; path = Scenes/NJLevelSceneWaterPark.m; sourceTree = "<group>"; };
		2B21F15218D4342E007220CF /* NJPlayer.h */ = {isa = PBXFileReference; fileEncoding = 4; lastKnownFileType = sourcecode.c.h; name = NJPlayer.h; path = Scenes/NJPlayer.h; sourceTree = "<group>"; };
		2B21F15318D4342E007220CF /* NJPlayer.m */ = {isa = PBXFileReference; fileEncoding = 4; lastKnownFileType = sourcecode.c.objc; name = NJPlayer.m; path = Scenes/NJPlayer.m; sourceTree = "<group>"; };
		2B25DB1118DDCAD1005A4D40 /* woodPile.png */ = {isa = PBXFileReference; lastKnownFileType = image.png; path = woodPile.png; sourceTree = "<group>"; };
		2B25DB1318DDCB40005A4D40 /* ninja.png */ = {isa = PBXFileReference; lastKnownFileType = image.png; path = ninja.png; sourceTree = "<group>"; };
		2B25DB1518DDCC16005A4D40 /* jumpButton.png */ = {isa = PBXFileReference; lastKnownFileType = image.png; path = jumpButton.png; sourceTree = "<group>"; };
		2B2708CF18DD6FF20033D1BF /* NJButton.h */ = {isa = PBXFileReference; fileEncoding = 4; lastKnownFileType = sourcecode.c.h; path = NJButton.h; sourceTree = "<group>"; };
		2B2708D018DD6FF20033D1BF /* NJButton.m */ = {isa = PBXFileReference; fileEncoding = 4; lastKnownFileType = sourcecode.c.objc; path = NJButton.m; sourceTree = "<group>"; };
		2B43F57518DEA8C9001D98AC /* Ninja_Jump.atlas */ = {isa = PBXFileReference; lastKnownFileType = folder.skatlas; name = Ninja_Jump.atlas; path = "Assets/Texture Altases/Ninja_Jump.atlas"; sourceTree = "<group>"; };
		2B76872E18DED9F300A9CB6E /* waterParkBG.png */ = {isa = PBXFileReference; lastKnownFileType = image.png; path = waterParkBG.png; sourceTree = "<group>"; };
		2F3963DC18D8329800B66C8D /* NJNinjaCharacter.h */ = {isa = PBXFileReference; fileEncoding = 4; lastKnownFileType = sourcecode.c.h; name = NJNinjaCharacter.h; path = Sprites/NJNinjaCharacter.h; sourceTree = "<group>"; };
		2F3963DD18D8329800B66C8D /* NJNinjaCharacter.m */ = {isa = PBXFileReference; fileEncoding = 4; lastKnownFileType = sourcecode.c.objc; name = NJNinjaCharacter.m; path = Sprites/NJNinjaCharacter.m; sourceTree = "<group>"; };
		2F3963DF18D832B300B66C8D /* NJNinjaCharacterNormal.h */ = {isa = PBXFileReference; fileEncoding = 4; lastKnownFileType = sourcecode.c.h; name = NJNinjaCharacterNormal.h; path = Sprites/NJNinjaCharacterNormal.h; sourceTree = "<group>"; };
		2F3963E018D832B300B66C8D /* NJNinjaCharacterNormal.m */ = {isa = PBXFileReference; fileEncoding = 4; lastKnownFileType = sourcecode.c.objc; name = NJNinjaCharacterNormal.m; path = Sprites/NJNinjaCharacterNormal.m; sourceTree = "<group>"; };
		2F3963E218D83CE000B66C8D /* NJGraphicsUnitilities.h */ = {isa = PBXFileReference; fileEncoding = 4; lastKnownFileType = sourcecode.c.h; name = NJGraphicsUnitilities.h; path = Utilities/NJGraphicsUnitilities.h; sourceTree = "<group>"; };
		2F3963E318D83CE000B66C8D /* NJGraphicsUnitilities.m */ = {isa = PBXFileReference; fileEncoding = 4; lastKnownFileType = sourcecode.c.objc; name = NJGraphicsUnitilities.m; path = Utilities/NJGraphicsUnitilities.m; sourceTree = "<group>"; };
		2F80BB8318D4481F00C337BB /* NJCharacter.h */ = {isa = PBXFileReference; fileEncoding = 4; lastKnownFileType = sourcecode.c.h; name = NJCharacter.h; path = Sprites/NJCharacter.h; sourceTree = "<group>"; };
		2F80BB8418D4481F00C337BB /* NJCharacter.m */ = {isa = PBXFileReference; fileEncoding = 4; lastKnownFileType = sourcecode.c.objc; name = NJCharacter.m; path = Sprites/NJCharacter.m; sourceTree = "<group>"; };
		2F94CD6C18D419F1007DAFAD /* NinjaJump.app */ = {isa = PBXFileReference; explicitFileType = wrapper.application; includeInIndex = 0; path = NinjaJump.app; sourceTree = BUILT_PRODUCTS_DIR; };
		2F94CD6F18D419F1007DAFAD /* Foundation.framework */ = {isa = PBXFileReference; lastKnownFileType = wrapper.framework; name = Foundation.framework; path = System/Library/Frameworks/Foundation.framework; sourceTree = SDKROOT; };
		2F94CD7118D419F1007DAFAD /* CoreGraphics.framework */ = {isa = PBXFileReference; lastKnownFileType = wrapper.framework; name = CoreGraphics.framework; path = System/Library/Frameworks/CoreGraphics.framework; sourceTree = SDKROOT; };
		2F94CD7318D419F1007DAFAD /* UIKit.framework */ = {isa = PBXFileReference; lastKnownFileType = wrapper.framework; name = UIKit.framework; path = System/Library/Frameworks/UIKit.framework; sourceTree = SDKROOT; };
		2F94CD7518D419F1007DAFAD /* SpriteKit.framework */ = {isa = PBXFileReference; lastKnownFileType = wrapper.framework; name = SpriteKit.framework; path = System/Library/Frameworks/SpriteKit.framework; sourceTree = SDKROOT; };
		2F94CD7918D419F1007DAFAD /* NinjaJump-Info.plist */ = {isa = PBXFileReference; lastKnownFileType = text.plist.xml; path = "NinjaJump-Info.plist"; sourceTree = "<group>"; };
		2F94CD7B18D419F1007DAFAD /* en */ = {isa = PBXFileReference; lastKnownFileType = text.plist.strings; name = en; path = en.lproj/InfoPlist.strings; sourceTree = "<group>"; };
		2F94CD7D18D419F1007DAFAD /* main.m */ = {isa = PBXFileReference; lastKnownFileType = sourcecode.c.objc; path = main.m; sourceTree = "<group>"; };
		2F94CD7F18D419F1007DAFAD /* NinjaJump-Prefix.pch */ = {isa = PBXFileReference; lastKnownFileType = sourcecode.c.h; path = "NinjaJump-Prefix.pch"; sourceTree = "<group>"; };
		2F94CD8018D419F1007DAFAD /* NJAppDelegate.h */ = {isa = PBXFileReference; lastKnownFileType = sourcecode.c.h; path = NJAppDelegate.h; sourceTree = "<group>"; };
		2F94CD8118D419F1007DAFAD /* NJAppDelegate.m */ = {isa = PBXFileReference; lastKnownFileType = sourcecode.c.objc; path = NJAppDelegate.m; sourceTree = "<group>"; };
		2F94CD8418D419F1007DAFAD /* Base */ = {isa = PBXFileReference; lastKnownFileType = file.storyboard; name = Base; path = Base.lproj/Main.storyboard; sourceTree = "<group>"; };
		2F94CD8618D419F1007DAFAD /* NJViewController.h */ = {isa = PBXFileReference; lastKnownFileType = sourcecode.c.h; path = NJViewController.h; sourceTree = "<group>"; };
		2F94CD8718D419F1007DAFAD /* NJViewController.m */ = {isa = PBXFileReference; lastKnownFileType = sourcecode.c.objc; path = NJViewController.m; sourceTree = "<group>"; };
		2F94CD8E18D419F1007DAFAD /* Images.xcassets */ = {isa = PBXFileReference; lastKnownFileType = folder.assetcatalog; path = Images.xcassets; sourceTree = "<group>"; };
		2F94CD9418D419F1007DAFAD /* NinjaJumpTests.xctest */ = {isa = PBXFileReference; explicitFileType = wrapper.cfbundle; includeInIndex = 0; path = NinjaJumpTests.xctest; sourceTree = BUILT_PRODUCTS_DIR; };
		2F94CD9518D419F1007DAFAD /* XCTest.framework */ = {isa = PBXFileReference; lastKnownFileType = wrapper.framework; name = XCTest.framework; path = Library/Frameworks/XCTest.framework; sourceTree = DEVELOPER_DIR; };
		2F94CD9D18D419F1007DAFAD /* NinjaJumpTests-Info.plist */ = {isa = PBXFileReference; lastKnownFileType = text.plist.xml; path = "NinjaJumpTests-Info.plist"; sourceTree = "<group>"; };
		2F94CD9F18D419F1007DAFAD /* en */ = {isa = PBXFileReference; lastKnownFileType = text.plist.strings; name = en; path = en.lproj/InfoPlist.strings; sourceTree = "<group>"; };
		2F94CDA118D419F1007DAFAD /* NinjaJumpTests.m */ = {isa = PBXFileReference; lastKnownFileType = sourcecode.c.objc; path = NinjaJumpTests.m; sourceTree = "<group>"; };
		C4CAA7FB18DB21830070F3D5 /* NJPath.h */ = {isa = PBXFileReference; fileEncoding = 4; lastKnownFileType = sourcecode.c.h; name = NJPath.h; path = Sprites/pile/NJPath.h; sourceTree = "<group>"; };
		C4CAA7FC18DB21830070F3D5 /* NJPath.m */ = {isa = PBXFileReference; fileEncoding = 4; lastKnownFileType = sourcecode.c.objc; name = NJPath.m; path = Sprites/pile/NJPath.m; sourceTree = "<group>"; };
		C4CAA7FD18DB21830070F3D5 /* NJPile.h */ = {isa = PBXFileReference; fileEncoding = 4; lastKnownFileType = sourcecode.c.h; name = NJPile.h; path = Sprites/pile/NJPile.h; sourceTree = "<group>"; };
		C4CAA7FE18DB21830070F3D5 /* NJPile.m */ = {isa = PBXFileReference; fileEncoding = 4; lastKnownFileType = sourcecode.c.objc; name = NJPile.m; path = Sprites/pile/NJPile.m; sourceTree = "<group>"; };
		C93FB35618DF0BFA00D9B207 /* NJLoadScene.h */ = {isa = PBXFileReference; fileEncoding = 4; lastKnownFileType = sourcecode.c.h; path = NJLoadScene.h; sourceTree = "<group>"; };
		C93FB35718DF0BFA00D9B207 /* NJLoadScene.m */ = {isa = PBXFileReference; fileEncoding = 4; lastKnownFileType = sourcecode.c.objc; path = NJLoadScene.m; sourceTree = "<group>"; };
		C93FB35C18DF0C9E00D9B207 /* light.png */ = {isa = PBXFileReference; lastKnownFileType = image.png; name = light.png; path = "Assets/loading scene/light.png"; sourceTree = "<group>"; };
		C93FB35D18DF0C9E00D9B207 /* loading bar.png */ = {isa = PBXFileReference; lastKnownFileType = image.png; name = "loading bar.png"; path = "Assets/loading scene/loading bar.png"; sourceTree = "<group>"; };
		C93FB35E18DF0C9E00D9B207 /* loading bar2.png */ = {isa = PBXFileReference; lastKnownFileType = image.png; name = "loading bar2.png"; path = "Assets/loading scene/loading bar2.png"; sourceTree = "<group>"; };
		C93FB35F18DF0C9E00D9B207 /* logo.png */ = {isa = PBXFileReference; lastKnownFileType = image.png; name = logo.png; path = "Assets/loading scene/logo.png"; sourceTree = "<group>"; };
/* End PBXFileReference section */

/* Begin PBXFrameworksBuildPhase section */
		2F94CD6918D419F1007DAFAD /* Frameworks */ = {
			isa = PBXFrameworksBuildPhase;
			buildActionMask = 2147483647;
			files = (
				2F94CD7218D419F1007DAFAD /* CoreGraphics.framework in Frameworks */,
				2F94CD7418D419F1007DAFAD /* UIKit.framework in Frameworks */,
				2F94CD7618D419F1007DAFAD /* SpriteKit.framework in Frameworks */,
				2F94CD7018D419F1007DAFAD /* Foundation.framework in Frameworks */,
			);
			runOnlyForDeploymentPostprocessing = 0;
		};
		2F94CD9118D419F1007DAFAD /* Frameworks */ = {
			isa = PBXFrameworksBuildPhase;
			buildActionMask = 2147483647;
			files = (
				2F94CD9618D419F1007DAFAD /* XCTest.framework in Frameworks */,
				2F94CD9818D419F1007DAFAD /* UIKit.framework in Frameworks */,
				2F94CD9718D419F1007DAFAD /* Foundation.framework in Frameworks */,
			);
			runOnlyForDeploymentPostprocessing = 0;
		};
/* End PBXFrameworksBuildPhase section */

/* Begin PBXGroup section */
		2B21F14518D43005007220CF /* Sprites */ = {
			isa = PBXGroup;
			children = (
				C4CAA7F418DB21520070F3D5 /* Pile */,
				2F80BB8318D4481F00C337BB /* NJCharacter.h */,
				2F80BB8418D4481F00C337BB /* NJCharacter.m */,
				2F3963DC18D8329800B66C8D /* NJNinjaCharacter.h */,
				2F3963DD18D8329800B66C8D /* NJNinjaCharacter.m */,
				2F3963DF18D832B300B66C8D /* NJNinjaCharacterNormal.h */,
				2F3963E018D832B300B66C8D /* NJNinjaCharacterNormal.m */,
				2B2708CF18DD6FF20033D1BF /* NJButton.h */,
				2B2708D018DD6FF20033D1BF /* NJButton.m */,
			);
			name = Sprites;
			sourceTree = "<group>";
		};
		2B21F14918D430B0007220CF /* Scenes */ = {
			isa = PBXGroup;
			children = (
				2B21F14C18D432C3007220CF /* NJMultiplayerLayeredCharacterScene.h */,
				2B21F14D18D432C3007220CF /* NJMultiplayerLayeredCharacterScene.m */,
				2B21F14F18D433D2007220CF /* NJLevelSceneWaterPark.h */,
				2B21F15018D433D2007220CF /* NJLevelSceneWaterPark.m */,
				2B21F15218D4342E007220CF /* NJPlayer.h */,
				2B21F15318D4342E007220CF /* NJPlayer.m */,
				C93FB35618DF0BFA00D9B207 /* NJLoadScene.h */,
				C93FB35718DF0BFA00D9B207 /* NJLoadScene.m */,
			);
			name = Scenes;
			sourceTree = "<group>";
		};
		2B21F14A18D430DB007220CF /* Assets */ = {
			isa = PBXGroup;
			children = (
				C93FB35B18DF0C8600D9B207 /* loadscreen */,
				2B25DB1518DDCC16005A4D40 /* jumpButton.png */,
				2B25DB1318DDCB40005A4D40 /* ninja.png */,
				2B25DB1118DDCAD1005A4D40 /* woodPile.png */,
				2B21F15618D43A2A007220CF /* Background */,
				2B21F15518D439DC007220CF /* Texture Atlases */,
			);
			name = Assets;
			sourceTree = "<group>";
		};
		2B21F14B18D430E8007220CF /* Utilities */ = {
			isa = PBXGroup;
			children = (
				2F3963E218D83CE000B66C8D /* NJGraphicsUnitilities.h */,
				2F3963E318D83CE000B66C8D /* NJGraphicsUnitilities.m */,
			);
			name = Utilities;
			sourceTree = "<group>";
		};
		2B21F15518D439DC007220CF /* Texture Atlases */ = {
			isa = PBXGroup;
			children = (
				2B43F57518DEA8C9001D98AC /* Ninja_Jump.atlas */,
			);
			name = "Texture Atlases";
			sourceTree = "<group>";
		};
		2B21F15618D43A2A007220CF /* Background */ = {
			isa = PBXGroup;
			children = (
				2B76872E18DED9F300A9CB6E /* waterParkBG.png */,
			);
			name = Background;
			sourceTree = "<group>";
		};
		2F94CD6318D419F1007DAFAD = {
			isa = PBXGroup;
			children = (
				2B21F14918D430B0007220CF /* Scenes */,
				2B21F14518D43005007220CF /* Sprites */,
				2B21F14B18D430E8007220CF /* Utilities */,
				2B21F14A18D430DB007220CF /* Assets */,
				2F94CD7718D419F1007DAFAD /* NinjaJump */,
				2F94CD9B18D419F1007DAFAD /* NinjaJumpTests */,
				2F94CD6E18D419F1007DAFAD /* Frameworks */,
				2F94CD6D18D419F1007DAFAD /* Products */,
			);
			sourceTree = "<group>";
		};
		2F94CD6D18D419F1007DAFAD /* Products */ = {
			isa = PBXGroup;
			children = (
				2F94CD6C18D419F1007DAFAD /* NinjaJump.app */,
				2F94CD9418D419F1007DAFAD /* NinjaJumpTests.xctest */,
			);
			name = Products;
			sourceTree = "<group>";
		};
		2F94CD6E18D419F1007DAFAD /* Frameworks */ = {
			isa = PBXGroup;
			children = (
				2F94CD6F18D419F1007DAFAD /* Foundation.framework */,
				2F94CD7118D419F1007DAFAD /* CoreGraphics.framework */,
				2F94CD7318D419F1007DAFAD /* UIKit.framework */,
				2F94CD7518D419F1007DAFAD /* SpriteKit.framework */,
				2F94CD9518D419F1007DAFAD /* XCTest.framework */,
			);
			name = Frameworks;
			sourceTree = "<group>";
		};
		2F94CD7718D419F1007DAFAD /* NinjaJump */ = {
			isa = PBXGroup;
			children = (
				2F94CD8018D419F1007DAFAD /* NJAppDelegate.h */,
				2F94CD8118D419F1007DAFAD /* NJAppDelegate.m */,
				2F94CD8318D419F1007DAFAD /* Main.storyboard */,
				2F94CD8618D419F1007DAFAD /* NJViewController.h */,
				2F94CD8718D419F1007DAFAD /* NJViewController.m */,
				2F94CD8E18D419F1007DAFAD /* Images.xcassets */,
				2F94CD7818D419F1007DAFAD /* Supporting Files */,
			);
			path = NinjaJump;
			sourceTree = "<group>";
		};
		2F94CD7818D419F1007DAFAD /* Supporting Files */ = {
			isa = PBXGroup;
			children = (
				2F94CD7918D419F1007DAFAD /* NinjaJump-Info.plist */,
				2F94CD7A18D419F1007DAFAD /* InfoPlist.strings */,
				2F94CD7D18D419F1007DAFAD /* main.m */,
				2F94CD7F18D419F1007DAFAD /* NinjaJump-Prefix.pch */,
			);
			name = "Supporting Files";
			sourceTree = "<group>";
		};
		2F94CD9B18D419F1007DAFAD /* NinjaJumpTests */ = {
			isa = PBXGroup;
			children = (
				2F94CDA118D419F1007DAFAD /* NinjaJumpTests.m */,
				2F94CD9C18D419F1007DAFAD /* Supporting Files */,
			);
			path = NinjaJumpTests;
			sourceTree = "<group>";
		};
		2F94CD9C18D419F1007DAFAD /* Supporting Files */ = {
			isa = PBXGroup;
			children = (
				2F94CD9D18D419F1007DAFAD /* NinjaJumpTests-Info.plist */,
				2F94CD9E18D419F1007DAFAD /* InfoPlist.strings */,
			);
			name = "Supporting Files";
			sourceTree = "<group>";
		};
		C4CAA7F418DB21520070F3D5 /* Pile */ = {
			isa = PBXGroup;
			children = (
				C4CAA7FB18DB21830070F3D5 /* NJPath.h */,
				C4CAA7FC18DB21830070F3D5 /* NJPath.m */,
				C4CAA7FD18DB21830070F3D5 /* NJPile.h */,
				C4CAA7FE18DB21830070F3D5 /* NJPile.m */,
			);
			name = Pile;
			sourceTree = "<group>";
		};
		C93FB35B18DF0C8600D9B207 /* loadscreen */ = {
			isa = PBXGroup;
			children = (
				C93FB35C18DF0C9E00D9B207 /* light.png */,
				C93FB35D18DF0C9E00D9B207 /* loading bar.png */,
				C93FB35E18DF0C9E00D9B207 /* loading bar2.png */,
				C93FB35F18DF0C9E00D9B207 /* logo.png */,
			);
			name = loadscreen;
			sourceTree = "<group>";
		};
/* End PBXGroup section */

/* Begin PBXNativeTarget section */
		2F94CD6B18D419F1007DAFAD /* NinjaJump */ = {
			isa = PBXNativeTarget;
			buildConfigurationList = 2F94CDA518D419F1007DAFAD /* Build configuration list for PBXNativeTarget "NinjaJump" */;
			buildPhases = (
				2F94CD6818D419F1007DAFAD /* Sources */,
				2F94CD6918D419F1007DAFAD /* Frameworks */,
				2F94CD6A18D419F1007DAFAD /* Resources */,
			);
			buildRules = (
			);
			dependencies = (
			);
			name = NinjaJump;
			productName = NinjaJump;
			productReference = 2F94CD6C18D419F1007DAFAD /* NinjaJump.app */;
			productType = "com.apple.product-type.application";
		};
		2F94CD9318D419F1007DAFAD /* NinjaJumpTests */ = {
			isa = PBXNativeTarget;
			buildConfigurationList = 2F94CDA818D419F1007DAFAD /* Build configuration list for PBXNativeTarget "NinjaJumpTests" */;
			buildPhases = (
				2F94CD9018D419F1007DAFAD /* Sources */,
				2F94CD9118D419F1007DAFAD /* Frameworks */,
				2F94CD9218D419F1007DAFAD /* Resources */,
			);
			buildRules = (
			);
			dependencies = (
				2F94CD9A18D419F1007DAFAD /* PBXTargetDependency */,
			);
			name = NinjaJumpTests;
			productName = NinjaJumpTests;
			productReference = 2F94CD9418D419F1007DAFAD /* NinjaJumpTests.xctest */;
			productType = "com.apple.product-type.bundle.unit-test";
		};
/* End PBXNativeTarget section */

/* Begin PBXProject section */
		2F94CD6418D419F1007DAFAD /* Project object */ = {
			isa = PBXProject;
			attributes = {
				CLASSPREFIX = NJ;
				LastUpgradeCheck = 0510;
				ORGANIZATIONNAME = "Wang Kunzhen";
				TargetAttributes = {
					2F94CD9318D419F1007DAFAD = {
						TestTargetID = 2F94CD6B18D419F1007DAFAD;
					};
				};
			};
			buildConfigurationList = 2F94CD6718D419F1007DAFAD /* Build configuration list for PBXProject "NinjaJump" */;
			compatibilityVersion = "Xcode 3.2";
			developmentRegion = English;
			hasScannedForEncodings = 0;
			knownRegions = (
				en,
				Base,
			);
			mainGroup = 2F94CD6318D419F1007DAFAD;
			productRefGroup = 2F94CD6D18D419F1007DAFAD /* Products */;
			projectDirPath = "";
			projectRoot = "";
			targets = (
				2F94CD6B18D419F1007DAFAD /* NinjaJump */,
				2F94CD9318D419F1007DAFAD /* NinjaJumpTests */,
			);
		};
/* End PBXProject section */

/* Begin PBXResourcesBuildPhase section */
		2F94CD6A18D419F1007DAFAD /* Resources */ = {
			isa = PBXResourcesBuildPhase;
			buildActionMask = 2147483647;
			files = (
				2B25DB1218DDCAD1005A4D40 /* woodPile.png in Resources */,
				2B25DB1618DDCC16005A4D40 /* jumpButton.png in Resources */,
				C93FB36018DF0C9E00D9B207 /* light.png in Resources */,
				2B25DB1418DDCB40005A4D40 /* ninja.png in Resources */,
				2B76872F18DED9F300A9CB6E /* waterParkBG.png in Resources */,
				2F94CD7C18D419F1007DAFAD /* InfoPlist.strings in Resources */,
				2F94CD8F18D419F1007DAFAD /* Images.xcassets in Resources */,
				2F94CD8518D419F1007DAFAD /* Main.storyboard in Resources */,
				C93FB36318DF0C9E00D9B207 /* logo.png in Resources */,
				C93FB36218DF0C9E00D9B207 /* loading bar2.png in Resources */,
				2B43F57618DEA8C9001D98AC /* Ninja_Jump.atlas in Resources */,
				C93FB36118DF0C9E00D9B207 /* loading bar.png in Resources */,
			);
			runOnlyForDeploymentPostprocessing = 0;
		};
		2F94CD9218D419F1007DAFAD /* Resources */ = {
			isa = PBXResourcesBuildPhase;
			buildActionMask = 2147483647;
			files = (
				2F94CDA018D419F1007DAFAD /* InfoPlist.strings in Resources */,
			);
			runOnlyForDeploymentPostprocessing = 0;
		};
/* End PBXResourcesBuildPhase section */

/* Begin PBXSourcesBuildPhase section */
		2F94CD6818D419F1007DAFAD /* Sources */ = {
			isa = PBXSourcesBuildPhase;
			buildActionMask = 2147483647;
			files = (
				2F3963E418D83CE000B66C8D /* NJGraphicsUnitilities.m in Sources */,
				2B21F14E18D432C3007220CF /* NJMultiplayerLayeredCharacterScene.m in Sources */,
				2F94CD8818D419F1007DAFAD /* NJViewController.m in Sources */,
				2F3963DE18D8329800B66C8D /* NJNinjaCharacter.m in Sources */,
				C93FB35818DF0BFA00D9B207 /* NJLoadScene.m in Sources */,
				2F80BB8518D4481F00C337BB /* NJCharacter.m in Sources */,
				2B21F15418D4342E007220CF /* NJPlayer.m in Sources */,
				2B21F15118D433D2007220CF /* NJLevelSceneWaterPark.m in Sources */,
				2F94CD8218D419F1007DAFAD /* NJAppDelegate.m in Sources */,
				C4CAA80018DB21830070F3D5 /* NJPile.m in Sources */,
				2F94CD7E18D419F1007DAFAD /* main.m in Sources */,
				2F3963E118D832B300B66C8D /* NJNinjaCharacterNormal.m in Sources */,
				2B2708D118DD6FF20033D1BF /* NJButton.m in Sources */,
				C4CAA7FF18DB21830070F3D5 /* NJPath.m in Sources */,
			);
			runOnlyForDeploymentPostprocessing = 0;
		};
		2F94CD9018D419F1007DAFAD /* Sources */ = {
			isa = PBXSourcesBuildPhase;
			buildActionMask = 2147483647;
			files = (
				2F94CDA218D419F1007DAFAD /* NinjaJumpTests.m in Sources */,
			);
			runOnlyForDeploymentPostprocessing = 0;
		};
/* End PBXSourcesBuildPhase section */

/* Begin PBXTargetDependency section */
		2F94CD9A18D419F1007DAFAD /* PBXTargetDependency */ = {
			isa = PBXTargetDependency;
			target = 2F94CD6B18D419F1007DAFAD /* NinjaJump */;
			targetProxy = 2F94CD9918D419F1007DAFAD /* PBXContainerItemProxy */;
		};
/* End PBXTargetDependency section */

/* Begin PBXVariantGroup section */
		2F94CD7A18D419F1007DAFAD /* InfoPlist.strings */ = {
			isa = PBXVariantGroup;
			children = (
				2F94CD7B18D419F1007DAFAD /* en */,
			);
			name = InfoPlist.strings;
			sourceTree = "<group>";
		};
		2F94CD8318D419F1007DAFAD /* Main.storyboard */ = {
			isa = PBXVariantGroup;
			children = (
				2F94CD8418D419F1007DAFAD /* Base */,
			);
			name = Main.storyboard;
			sourceTree = "<group>";
		};
		2F94CD9E18D419F1007DAFAD /* InfoPlist.strings */ = {
			isa = PBXVariantGroup;
			children = (
				2F94CD9F18D419F1007DAFAD /* en */,
			);
			name = InfoPlist.strings;
			sourceTree = "<group>";
		};
/* End PBXVariantGroup section */

/* Begin XCBuildConfiguration section */
		2F94CDA318D419F1007DAFAD /* Debug */ = {
			isa = XCBuildConfiguration;
			buildSettings = {
				ALWAYS_SEARCH_USER_PATHS = NO;
				CLANG_CXX_LANGUAGE_STANDARD = "gnu++0x";
				CLANG_CXX_LIBRARY = "libc++";
				CLANG_ENABLE_MODULES = YES;
				CLANG_ENABLE_OBJC_ARC = YES;
				CLANG_WARN_BOOL_CONVERSION = YES;
				CLANG_WARN_CONSTANT_CONVERSION = YES;
				CLANG_WARN_DIRECT_OBJC_ISA_USAGE = YES_ERROR;
				CLANG_WARN_EMPTY_BODY = YES;
				CLANG_WARN_ENUM_CONVERSION = YES;
				CLANG_WARN_INT_CONVERSION = YES;
				CLANG_WARN_OBJC_ROOT_CLASS = YES_ERROR;
				CLANG_WARN__DUPLICATE_METHOD_MATCH = YES;
				"CODE_SIGN_IDENTITY[sdk=iphoneos*]" = "iPhone Developer";
				COPY_PHASE_STRIP = NO;
				GCC_C_LANGUAGE_STANDARD = gnu99;
				GCC_DYNAMIC_NO_PIC = NO;
				GCC_OPTIMIZATION_LEVEL = 0;
				GCC_PREPROCESSOR_DEFINITIONS = (
					"DEBUG=1",
					"$(inherited)",
				);
				GCC_SYMBOLS_PRIVATE_EXTERN = NO;
				GCC_WARN_64_TO_32_BIT_CONVERSION = YES;
				GCC_WARN_ABOUT_RETURN_TYPE = YES_ERROR;
				GCC_WARN_UNDECLARED_SELECTOR = YES;
				GCC_WARN_UNINITIALIZED_AUTOS = YES;
				GCC_WARN_UNUSED_FUNCTION = YES;
				GCC_WARN_UNUSED_VARIABLE = YES;
				IPHONEOS_DEPLOYMENT_TARGET = 7.0;
				ONLY_ACTIVE_ARCH = YES;
				SDKROOT = iphoneos;
				TARGETED_DEVICE_FAMILY = 2;
			};
			name = Debug;
		};
		2F94CDA418D419F1007DAFAD /* Release */ = {
			isa = XCBuildConfiguration;
			buildSettings = {
				ALWAYS_SEARCH_USER_PATHS = NO;
				CLANG_CXX_LANGUAGE_STANDARD = "gnu++0x";
				CLANG_CXX_LIBRARY = "libc++";
				CLANG_ENABLE_MODULES = YES;
				CLANG_ENABLE_OBJC_ARC = YES;
				CLANG_WARN_BOOL_CONVERSION = YES;
				CLANG_WARN_CONSTANT_CONVERSION = YES;
				CLANG_WARN_DIRECT_OBJC_ISA_USAGE = YES_ERROR;
				CLANG_WARN_EMPTY_BODY = YES;
				CLANG_WARN_ENUM_CONVERSION = YES;
				CLANG_WARN_INT_CONVERSION = YES;
				CLANG_WARN_OBJC_ROOT_CLASS = YES_ERROR;
				CLANG_WARN__DUPLICATE_METHOD_MATCH = YES;
				"CODE_SIGN_IDENTITY[sdk=iphoneos*]" = "iPhone Developer";
				COPY_PHASE_STRIP = YES;
				ENABLE_NS_ASSERTIONS = NO;
				GCC_C_LANGUAGE_STANDARD = gnu99;
				GCC_WARN_64_TO_32_BIT_CONVERSION = YES;
				GCC_WARN_ABOUT_RETURN_TYPE = YES_ERROR;
				GCC_WARN_UNDECLARED_SELECTOR = YES;
				GCC_WARN_UNINITIALIZED_AUTOS = YES;
				GCC_WARN_UNUSED_FUNCTION = YES;
				GCC_WARN_UNUSED_VARIABLE = YES;
				IPHONEOS_DEPLOYMENT_TARGET = 7.0;
				SDKROOT = iphoneos;
				TARGETED_DEVICE_FAMILY = 2;
				VALIDATE_PRODUCT = YES;
			};
			name = Release;
		};
		2F94CDA618D419F1007DAFAD /* Debug */ = {
			isa = XCBuildConfiguration;
			buildSettings = {
				ASSETCATALOG_COMPILER_APPICON_NAME = AppIcon;
				ASSETCATALOG_COMPILER_LAUNCHIMAGE_NAME = LaunchImage;
				GCC_PRECOMPILE_PREFIX_HEADER = YES;
				GCC_PREFIX_HEADER = "NinjaJump/NinjaJump-Prefix.pch";
				INFOPLIST_FILE = "NinjaJump/NinjaJump-Info.plist";
				PRODUCT_NAME = "$(TARGET_NAME)";
				SPRITEKIT_TEXTURE_ATLAS_OUTPUT = YES;
				WRAPPER_EXTENSION = app;
			};
			name = Debug;
		};
		2F94CDA718D419F1007DAFAD /* Release */ = {
			isa = XCBuildConfiguration;
			buildSettings = {
				ASSETCATALOG_COMPILER_APPICON_NAME = AppIcon;
				ASSETCATALOG_COMPILER_LAUNCHIMAGE_NAME = LaunchImage;
				GCC_PRECOMPILE_PREFIX_HEADER = YES;
				GCC_PREFIX_HEADER = "NinjaJump/NinjaJump-Prefix.pch";
				INFOPLIST_FILE = "NinjaJump/NinjaJump-Info.plist";
				PRODUCT_NAME = "$(TARGET_NAME)";
				SPRITEKIT_TEXTURE_ATLAS_OUTPUT = YES;
				WRAPPER_EXTENSION = app;
			};
			name = Release;
		};
		2F94CDA918D419F1007DAFAD /* Debug */ = {
			isa = XCBuildConfiguration;
			buildSettings = {
				BUNDLE_LOADER = "$(BUILT_PRODUCTS_DIR)/NinjaJump.app/NinjaJump";
				FRAMEWORK_SEARCH_PATHS = (
					"$(SDKROOT)/Developer/Library/Frameworks",
					"$(inherited)",
					"$(DEVELOPER_FRAMEWORKS_DIR)",
				);
				GCC_PRECOMPILE_PREFIX_HEADER = YES;
				GCC_PREFIX_HEADER = "NinjaJump/NinjaJump-Prefix.pch";
				GCC_PREPROCESSOR_DEFINITIONS = (
					"DEBUG=1",
					"$(inherited)",
				);
				INFOPLIST_FILE = "NinjaJumpTests/NinjaJumpTests-Info.plist";
				PRODUCT_NAME = "$(TARGET_NAME)";
				TEST_HOST = "$(BUNDLE_LOADER)";
				WRAPPER_EXTENSION = xctest;
			};
			name = Debug;
		};
		2F94CDAA18D419F1007DAFAD /* Release */ = {
			isa = XCBuildConfiguration;
			buildSettings = {
				BUNDLE_LOADER = "$(BUILT_PRODUCTS_DIR)/NinjaJump.app/NinjaJump";
				FRAMEWORK_SEARCH_PATHS = (
					"$(SDKROOT)/Developer/Library/Frameworks",
					"$(inherited)",
					"$(DEVELOPER_FRAMEWORKS_DIR)",
				);
				GCC_PRECOMPILE_PREFIX_HEADER = YES;
				GCC_PREFIX_HEADER = "NinjaJump/NinjaJump-Prefix.pch";
				INFOPLIST_FILE = "NinjaJumpTests/NinjaJumpTests-Info.plist";
				PRODUCT_NAME = "$(TARGET_NAME)";
				TEST_HOST = "$(BUNDLE_LOADER)";
				WRAPPER_EXTENSION = xctest;
			};
			name = Release;
		};
/* End XCBuildConfiguration section */

/* Begin XCConfigurationList section */
		2F94CD6718D419F1007DAFAD /* Build configuration list for PBXProject "NinjaJump" */ = {
			isa = XCConfigurationList;
			buildConfigurations = (
				2F94CDA318D419F1007DAFAD /* Debug */,
				2F94CDA418D419F1007DAFAD /* Release */,
			);
			defaultConfigurationIsVisible = 0;
			defaultConfigurationName = Release;
		};
		2F94CDA518D419F1007DAFAD /* Build configuration list for PBXNativeTarget "NinjaJump" */ = {
			isa = XCConfigurationList;
			buildConfigurations = (
				2F94CDA618D419F1007DAFAD /* Debug */,
				2F94CDA718D419F1007DAFAD /* Release */,
			);
			defaultConfigurationIsVisible = 0;
			defaultConfigurationName = Release;
		};
		2F94CDA818D419F1007DAFAD /* Build configuration list for PBXNativeTarget "NinjaJumpTests" */ = {
			isa = XCConfigurationList;
			buildConfigurations = (
				2F94CDA918D419F1007DAFAD /* Debug */,
				2F94CDAA18D419F1007DAFAD /* Release */,
			);
			defaultConfigurationIsVisible = 0;
			defaultConfigurationName = Release;
		};
/* End XCConfigurationList section */
	};
	rootObject = 2F94CD6418D419F1007DAFAD /* Project object */;
}
