// !$*UTF8*$!
{
	archiveVersion = 1;
	classes = {
	};
	objectVersion = 46;
	objects = {

/* Begin PBXBuildFile section */
		2B21F14E18D432C3007220CF /* NJMultiplayerLayeredCharacterScene.m in Sources */ = {isa = PBXBuildFile; fileRef = 2B21F14D18D432C3007220CF /* NJMultiplayerLayeredCharacterScene.m */; };
		2B21F15118D433D2007220CF /* NJLevelSceneWaterPark.m in Sources */ = {isa = PBXBuildFile; fileRef = 2B21F15018D433D2007220CF /* NJLevelSceneWaterPark.m */; };
		2B21F15418D4342E007220CF /* NJPlayer.m in Sources */ = {isa = PBXBuildFile; fileRef = 2B21F15318D4342E007220CF /* NJPlayer.m */; };
		2B43F57618DEA8C9001D98AC /* Ninja_Jump.atlas in Resources */ = {isa = PBXBuildFile; fileRef = 2B43F57518DEA8C9001D98AC /* Ninja_Jump.atlas */; };
		2F45B43418E6A9E100482453 /* NJRange.m in Sources */ = {isa = PBXBuildFile; fileRef = 2F45B43318E6A9E100482453 /* NJRange.m */; };
		2F45B43718E6AC6C00482453 /* NJCircularRange.m in Sources */ = {isa = PBXBuildFile; fileRef = 2F45B43618E6AC6C00482453 /* NJCircularRange.m */; };
		2F45B43A18E6AC8E00482453 /* NJRectangularRange.m in Sources */ = {isa = PBXBuildFile; fileRef = 2F45B43918E6AC8E00482453 /* NJRectangularRange.m */; };
		2F45B43D18E6AC9F00482453 /* NJFanRange.m in Sources */ = {isa = PBXBuildFile; fileRef = 2F45B43C18E6AC9F00482453 /* NJFanRange.m */; };
		2F63E12F18E0291500E9A17B /* hp_bar_bottom.png in Resources */ = {isa = PBXBuildFile; fileRef = 2F63E12D18E0291500E9A17B /* hp_bar_bottom.png */; };
		2F63E13018E0291500E9A17B /* hp_bar.png in Resources */ = {isa = PBXBuildFile; fileRef = 2F63E12E18E0291500E9A17B /* hp_bar.png */; };
		2F8A72B318E449B300B88E79 /* NJItemControl.m in Sources */ = {isa = PBXBuildFile; fileRef = 2F8A72B218E449B300B88E79 /* NJItemControl.m */; };
		2F8A72B718E44F0A00B88E79 /* itemControl.png in Resources */ = {isa = PBXBuildFile; fileRef = 2F8A72B618E44F0A00B88E79 /* itemControl.png */; };
		2F94CD7018D419F1007DAFAD /* Foundation.framework in Frameworks */ = {isa = PBXBuildFile; fileRef = 2F94CD6F18D419F1007DAFAD /* Foundation.framework */; };
		2F94CD7218D419F1007DAFAD /* CoreGraphics.framework in Frameworks */ = {isa = PBXBuildFile; fileRef = 2F94CD7118D419F1007DAFAD /* CoreGraphics.framework */; };
		2F94CD7418D419F1007DAFAD /* UIKit.framework in Frameworks */ = {isa = PBXBuildFile; fileRef = 2F94CD7318D419F1007DAFAD /* UIKit.framework */; };
		2F94CD7618D419F1007DAFAD /* SpriteKit.framework in Frameworks */ = {isa = PBXBuildFile; fileRef = 2F94CD7518D419F1007DAFAD /* SpriteKit.framework */; };
		2F94CD7C18D419F1007DAFAD /* InfoPlist.strings in Resources */ = {isa = PBXBuildFile; fileRef = 2F94CD7A18D419F1007DAFAD /* InfoPlist.strings */; };
		2F94CD7E18D419F1007DAFAD /* main.m in Sources */ = {isa = PBXBuildFile; fileRef = 2F94CD7D18D419F1007DAFAD /* main.m */; };
		2F94CD8218D419F1007DAFAD /* NJAppDelegate.m in Sources */ = {isa = PBXBuildFile; fileRef = 2F94CD8118D419F1007DAFAD /* NJAppDelegate.m */; };
		2F94CD8518D419F1007DAFAD /* Main.storyboard in Resources */ = {isa = PBXBuildFile; fileRef = 2F94CD8318D419F1007DAFAD /* Main.storyboard */; };
		2F94CD8818D419F1007DAFAD /* NJViewController.m in Sources */ = {isa = PBXBuildFile; fileRef = 2F94CD8718D419F1007DAFAD /* NJViewController.m */; };
		2F94CD8F18D419F1007DAFAD /* Images.xcassets in Resources */ = {isa = PBXBuildFile; fileRef = 2F94CD8E18D419F1007DAFAD /* Images.xcassets */; };
		2F94CD9618D419F1007DAFAD /* XCTest.framework in Frameworks */ = {isa = PBXBuildFile; fileRef = 2F94CD9518D419F1007DAFAD /* XCTest.framework */; };
		2F94CD9718D419F1007DAFAD /* Foundation.framework in Frameworks */ = {isa = PBXBuildFile; fileRef = 2F94CD6F18D419F1007DAFAD /* Foundation.framework */; };
		2F94CD9818D419F1007DAFAD /* UIKit.framework in Frameworks */ = {isa = PBXBuildFile; fileRef = 2F94CD7318D419F1007DAFAD /* UIKit.framework */; };
		2F94CDA018D419F1007DAFAD /* InfoPlist.strings in Resources */ = {isa = PBXBuildFile; fileRef = 2F94CD9E18D419F1007DAFAD /* InfoPlist.strings */; };
		2F94CDA218D419F1007DAFAD /* NinjaJumpTests.m in Sources */ = {isa = PBXBuildFile; fileRef = 2F94CDA118D419F1007DAFAD /* NinjaJumpTests.m */; };
		2FC568A018E1BC9B00C6589D /* NJButton.m in Sources */ = {isa = PBXBuildFile; fileRef = 2FC5689D18E1BC9B00C6589D /* NJButton.m */; };
		2FC568A118E1BC9B00C6589D /* NJHPBar.m in Sources */ = {isa = PBXBuildFile; fileRef = 2FC5689F18E1BC9B00C6589D /* NJHPBar.m */; };
		2FC568A818E1BCA900C6589D /* NJCharacter.m in Sources */ = {isa = PBXBuildFile; fileRef = 2FC568A318E1BCA900C6589D /* NJCharacter.m */; };
		2FC568A918E1BCA900C6589D /* NJNinjaCharacter.m in Sources */ = {isa = PBXBuildFile; fileRef = 2FC568A518E1BCA900C6589D /* NJNinjaCharacter.m */; };
		2FC568AA18E1BCA900C6589D /* NJNinjaCharacterNormal.m in Sources */ = {isa = PBXBuildFile; fileRef = 2FC568A718E1BCA900C6589D /* NJNinjaCharacterNormal.m */; };
		2FC568AE18E1BCFF00C6589D /* NJGraphicsUnitilities.m in Sources */ = {isa = PBXBuildFile; fileRef = 2FC568AD18E1BCFF00C6589D /* NJGraphicsUnitilities.m */; };
		2FC568B118E1BD5000C6589D /* NJScroll.m in Sources */ = {isa = PBXBuildFile; fileRef = 2FC568B018E1BD5000C6589D /* NJScroll.m */; };
		2FC568B418E1BD8000C6589D /* NJLoadScene.m in Sources */ = {isa = PBXBuildFile; fileRef = 2FC568B318E1BD8000C6589D /* NJLoadScene.m */; };
		2FC568BA18E1BE0900C6589D /* jumpButton.png in Resources */ = {isa = PBXBuildFile; fileRef = 2FC568B518E1BE0900C6589D /* jumpButton.png */; };
		2FC568BB18E1BE0900C6589D /* spawnLight.png in Resources */ = {isa = PBXBuildFile; fileRef = 2FC568B618E1BE0900C6589D /* spawnLight.png */; };
		2FC568BC18E1BE0900C6589D /* spotlight.png in Resources */ = {isa = PBXBuildFile; fileRef = 2FC568B718E1BE0900C6589D /* spotlight.png */; };
		2FC568BD18E1BE0900C6589D /* waterParkBG.png in Resources */ = {isa = PBXBuildFile; fileRef = 2FC568B818E1BE0900C6589D /* waterParkBG.png */; };
		2FC568BE18E1BE0900C6589D /* woodPile.png in Resources */ = {isa = PBXBuildFile; fileRef = 2FC568B918E1BE0900C6589D /* woodPile.png */; };
		2FC568C018E1BE3B00C6589D /* shuriken.png in Resources */ = {isa = PBXBuildFile; fileRef = 2FC568BF18E1BE3B00C6589D /* shuriken.png */; };
		2FC568C418E1BEC000C6589D /* ninja.png in Resources */ = {isa = PBXBuildFile; fileRef = 2FC568C318E1BEC000C6589D /* ninja.png */; };
		2FC568C818E1EBC000C6589D /* Ninja_Attack.atlas in Resources */ = {isa = PBXBuildFile; fileRef = 2FC568C718E1EBC000C6589D /* Ninja_Attack.atlas */; };
		C41270F018E1D3AF00CAC44A /* fireScroll.png in Resources */ = {isa = PBXBuildFile; fileRef = C41270EC18E1D3AF00CAC44A /* fireScroll.png */; };
		C41270F118E1D3AF00CAC44A /* iceScroll.png in Resources */ = {isa = PBXBuildFile; fileRef = C41270ED18E1D3AF00CAC44A /* iceScroll.png */; };
		C41270F218E1D3AF00CAC44A /* thunderScroll.png in Resources */ = {isa = PBXBuildFile; fileRef = C41270EE18E1D3AF00CAC44A /* thunderScroll.png */; };
		C41270F318E1D3AF00CAC44A /* windScroll.png in Resources */ = {isa = PBXBuildFile; fileRef = C41270EF18E1D3AF00CAC44A /* windScroll.png */; };
		C41270F518E1D41500CAC44A /* medikit.png in Resources */ = {isa = PBXBuildFile; fileRef = C41270F418E1D41500CAC44A /* medikit.png */; };
		C42170C318E066F800942374 /* NJSpecialItem.m in Sources */ = {isa = PBXBuildFile; fileRef = C42170C218E066F800942374 /* NJSpecialItem.m */; };
		C42170C618E0672400942374 /* NJTool.m in Sources */ = {isa = PBXBuildFile; fileRef = C42170C518E0672400942374 /* NJTool.m */; };
		C42170CF18E0685500942374 /* NJMine.m in Sources */ = {isa = PBXBuildFile; fileRef = C42170CE18E0685500942374 /* NJMine.m */; };
		C42170D518E0687800942374 /* NJShuriken.m in Sources */ = {isa = PBXBuildFile; fileRef = C42170D418E0687800942374 /* NJShuriken.m */; };
		C42170D818E0689100942374 /* NJMedikit.m in Sources */ = {isa = PBXBuildFile; fileRef = C42170D718E0689100942374 /* NJMedikit.m */; };
		C42170DE18E068C100942374 /* NJThunderScroll.m in Sources */ = {isa = PBXBuildFile; fileRef = C42170DD18E068C100942374 /* NJThunderScroll.m */; };
		C42170E118E068CF00942374 /* NJWindScroll.m in Sources */ = {isa = PBXBuildFile; fileRef = C42170E018E068CF00942374 /* NJWindScroll.m */; };
		C42170E418E068DD00942374 /* NJIceScroll.m in Sources */ = {isa = PBXBuildFile; fileRef = C42170E318E068DD00942374 /* NJIceScroll.m */; };
		C42170E718E068E800942374 /* NJFireScroll.m in Sources */ = {isa = PBXBuildFile; fileRef = C42170E618E068E800942374 /* NJFireScroll.m */; };
		C4CAA7FF18DB21830070F3D5 /* NJPath.m in Sources */ = {isa = PBXBuildFile; fileRef = C4CAA7FC18DB21830070F3D5 /* NJPath.m */; };
		C4CAA80018DB21830070F3D5 /* NJPile.m in Sources */ = {isa = PBXBuildFile; fileRef = C4CAA7FE18DB21830070F3D5 /* NJPile.m */; };
		C4F0821418E4569E00F81C8C /* NJEffectShurikenMulti.m in Sources */ = {isa = PBXBuildFile; fileRef = C4F0821318E4569E00F81C8C /* NJEffectShurikenMulti.m */; };
		C4F0821718E459B700F81C8C /* NJItemEffect.m in Sources */ = {isa = PBXBuildFile; fileRef = C4F0821618E459B700F81C8C /* NJItemEffect.m */; };
		C4F0821A18E4708300F81C8C /* shurikenEffect.png in Resources */ = {isa = PBXBuildFile; fileRef = C4F0821918E4708300F81C8C /* shurikenEffect.png */; };
		C4F0821C18E472C100F81C8C /* shurikenLong.png in Resources */ = {isa = PBXBuildFile; fileRef = C4F0821B18E472C100F81C8C /* shurikenLong.png */; };
		C931A93E18E05EF7002FE154 /* ready buttons.png in Resources */ = {isa = PBXBuildFile; fileRef = C931A93718E05EF7002FE154 /* ready buttons.png */; };
		C931A93F18E05EF7002FE154 /* shade.png in Resources */ = {isa = PBXBuildFile; fileRef = C931A93818E05EF7002FE154 /* shade.png */; };
		C931A94018E05EF7002FE154 /* start button.png in Resources */ = {isa = PBXBuildFile; fileRef = C931A93918E05EF7002FE154 /* start button.png */; };
		C931A94118E05EF7002FE154 /* touched button blue.png in Resources */ = {isa = PBXBuildFile; fileRef = C931A93A18E05EF7002FE154 /* touched button blue.png */; };
		C931A94218E05EF7002FE154 /* touched button brown.png in Resources */ = {isa = PBXBuildFile; fileRef = C931A93B18E05EF7002FE154 /* touched button brown.png */; };
		C931A94318E05EF7002FE154 /* touched button purple.png in Resources */ = {isa = PBXBuildFile; fileRef = C931A93C18E05EF7002FE154 /* touched button purple.png */; };
		C931A94418E05EF7002FE154 /* touched button red.png in Resources */ = {isa = PBXBuildFile; fileRef = C931A93D18E05EF7002FE154 /* touched button red.png */; };
		C931A94618E06358002FE154 /* logo.png in Resources */ = {isa = PBXBuildFile; fileRef = C931A94518E06358002FE154 /* logo.png */; };
		C9B8F29518E05B3B00FA877E /* NJSelectCharacterButton.m in Sources */ = {isa = PBXBuildFile; fileRef = C9B8F29218E05B3B00FA877E /* NJSelectCharacterButton.m */; };
		C9B8F29618E05B3B00FA877E /* NJSelectionButtonSystem.m in Sources */ = {isa = PBXBuildFile; fileRef = C9B8F29418E05B3B00FA877E /* NJSelectionButtonSystem.m */; };
		C9B8F2A018E05E8400FA877E /* light.png in Resources */ = {isa = PBXBuildFile; fileRef = C9B8F29B18E05E8400FA877E /* light.png */; };
		C9B8F2A118E05E8400FA877E /* loading bar.png in Resources */ = {isa = PBXBuildFile; fileRef = C9B8F29C18E05E8400FA877E /* loading bar.png */; };
		C9B8F2A218E05E8400FA877E /* loading bar2.png in Resources */ = {isa = PBXBuildFile; fileRef = C9B8F29D18E05E8400FA877E /* loading bar2.png */; };
		C9EC06FB18E1CE7000C43E24 /* FireEffect.sks in Resources */ = {isa = PBXBuildFile; fileRef = C9EC06F918E1CE7000C43E24 /* FireEffect.sks */; };
		C9EC06FC18E1CE7000C43E24 /* spark.png in Resources */ = {isa = PBXBuildFile; fileRef = C9EC06FA18E1CE7000C43E24 /* spark.png */; };
		C9EC06FF18E1D16F00C43E24 /* fireArc.png in Resources */ = {isa = PBXBuildFile; fileRef = C9EC06FE18E1D16F00C43E24 /* fireArc.png */; };
/* End PBXBuildFile section */

/* Begin PBXContainerItemProxy section */
		2F94CD9918D419F1007DAFAD /* PBXContainerItemProxy */ = {
			isa = PBXContainerItemProxy;
			containerPortal = 2F94CD6418D419F1007DAFAD /* Project object */;
			proxyType = 1;
			remoteGlobalIDString = 2F94CD6B18D419F1007DAFAD;
			remoteInfo = NinjaJump;
		};
/* End PBXContainerItemProxy section */

/* Begin PBXFileReference section */
		2B21F14C18D432C3007220CF /* NJMultiplayerLayeredCharacterScene.h */ = {isa = PBXFileReference; fileEncoding = 4; lastKnownFileType = sourcecode.c.h; name = NJMultiplayerLayeredCharacterScene.h; path = Scenes/NJMultiplayerLayeredCharacterScene.h; sourceTree = "<group>"; };
		2B21F14D18D432C3007220CF /* NJMultiplayerLayeredCharacterScene.m */ = {isa = PBXFileReference; fileEncoding = 4; lastKnownFileType = sourcecode.c.objc; name = NJMultiplayerLayeredCharacterScene.m; path = Scenes/NJMultiplayerLayeredCharacterScene.m; sourceTree = "<group>"; };
		2B21F14F18D433D2007220CF /* NJLevelSceneWaterPark.h */ = {isa = PBXFileReference; fileEncoding = 4; lastKnownFileType = sourcecode.c.h; name = NJLevelSceneWaterPark.h; path = Scenes/NJLevelSceneWaterPark.h; sourceTree = "<group>"; };
		2B21F15018D433D2007220CF /* NJLevelSceneWaterPark.m */ = {isa = PBXFileReference; fileEncoding = 4; lastKnownFileType = sourcecode.c.objc; name = NJLevelSceneWaterPark.m; path = Scenes/NJLevelSceneWaterPark.m; sourceTree = "<group>"; };
		2B21F15218D4342E007220CF /* NJPlayer.h */ = {isa = PBXFileReference; fileEncoding = 4; lastKnownFileType = sourcecode.c.h; name = NJPlayer.h; path = Scenes/NJPlayer.h; sourceTree = "<group>"; };
		2B21F15318D4342E007220CF /* NJPlayer.m */ = {isa = PBXFileReference; fileEncoding = 4; lastKnownFileType = sourcecode.c.objc; name = NJPlayer.m; path = Scenes/NJPlayer.m; sourceTree = "<group>"; };
		2B43F57518DEA8C9001D98AC /* Ninja_Jump.atlas */ = {isa = PBXFileReference; lastKnownFileType = folder.skatlas; name = Ninja_Jump.atlas; path = "Assets/Texture Altases/Ninja_Jump.atlas"; sourceTree = "<group>"; };
		2F45B43218E6A9E100482453 /* NJRange.h */ = {isa = PBXFileReference; fileEncoding = 4; lastKnownFileType = sourcecode.c.h; name = NJRange.h; path = "Utilities/Range System/NJRange.h"; sourceTree = "<group>"; };
		2F45B43318E6A9E100482453 /* NJRange.m */ = {isa = PBXFileReference; fileEncoding = 4; lastKnownFileType = sourcecode.c.objc; name = NJRange.m; path = "Utilities/Range System/NJRange.m"; sourceTree = "<group>"; };
		2F45B43518E6AC6C00482453 /* NJCircularRange.h */ = {isa = PBXFileReference; fileEncoding = 4; lastKnownFileType = sourcecode.c.h; name = NJCircularRange.h; path = "Utilities/Range System/NJCircularRange.h"; sourceTree = "<group>"; };
		2F45B43618E6AC6C00482453 /* NJCircularRange.m */ = {isa = PBXFileReference; fileEncoding = 4; lastKnownFileType = sourcecode.c.objc; name = NJCircularRange.m; path = "Utilities/Range System/NJCircularRange.m"; sourceTree = "<group>"; };
		2F45B43818E6AC8E00482453 /* NJRectangularRange.h */ = {isa = PBXFileReference; fileEncoding = 4; lastKnownFileType = sourcecode.c.h; name = NJRectangularRange.h; path = "Utilities/Range System/NJRectangularRange.h"; sourceTree = "<group>"; };
		2F45B43918E6AC8E00482453 /* NJRectangularRange.m */ = {isa = PBXFileReference; fileEncoding = 4; lastKnownFileType = sourcecode.c.objc; name = NJRectangularRange.m; path = "Utilities/Range System/NJRectangularRange.m"; sourceTree = "<group>"; };
		2F45B43B18E6AC9F00482453 /* NJFanRange.h */ = {isa = PBXFileReference; fileEncoding = 4; lastKnownFileType = sourcecode.c.h; name = NJFanRange.h; path = "Utilities/Range System/NJFanRange.h"; sourceTree = "<group>"; };
		2F45B43C18E6AC9F00482453 /* NJFanRange.m */ = {isa = PBXFileReference; fileEncoding = 4; lastKnownFileType = sourcecode.c.objc; name = NJFanRange.m; path = "Utilities/Range System/NJFanRange.m"; sourceTree = "<group>"; };
		2F63E12D18E0291500E9A17B /* hp_bar_bottom.png */ = {isa = PBXFileReference; lastKnownFileType = image.png; name = hp_bar_bottom.png; path = Assets/HPBar/hp_bar_bottom.png; sourceTree = "<group>"; };
		2F63E12E18E0291500E9A17B /* hp_bar.png */ = {isa = PBXFileReference; lastKnownFileType = image.png; name = hp_bar.png; path = Assets/HPBar/hp_bar.png; sourceTree = "<group>"; };
		2F8A72B118E449B300B88E79 /* NJItemControl.h */ = {isa = PBXFileReference; fileEncoding = 4; lastKnownFileType = sourcecode.c.h; name = NJItemControl.h; path = Sprites/Control/NJItemControl.h; sourceTree = "<group>"; };
		2F8A72B218E449B300B88E79 /* NJItemControl.m */ = {isa = PBXFileReference; fileEncoding = 4; lastKnownFileType = sourcecode.c.objc; name = NJItemControl.m; path = Sprites/Control/NJItemControl.m; sourceTree = "<group>"; };
		2F8A72B618E44F0A00B88E79 /* itemControl.png */ = {isa = PBXFileReference; lastKnownFileType = image.png; name = itemControl.png; path = Assets/GameBoard/itemControl.png; sourceTree = "<group>"; };
		2F94CD6C18D419F1007DAFAD /* NinjaJump.app */ = {isa = PBXFileReference; explicitFileType = wrapper.application; includeInIndex = 0; path = NinjaJump.app; sourceTree = BUILT_PRODUCTS_DIR; };
		2F94CD6F18D419F1007DAFAD /* Foundation.framework */ = {isa = PBXFileReference; lastKnownFileType = wrapper.framework; name = Foundation.framework; path = System/Library/Frameworks/Foundation.framework; sourceTree = SDKROOT; };
		2F94CD7118D419F1007DAFAD /* CoreGraphics.framework */ = {isa = PBXFileReference; lastKnownFileType = wrapper.framework; name = CoreGraphics.framework; path = System/Library/Frameworks/CoreGraphics.framework; sourceTree = SDKROOT; };
		2F94CD7318D419F1007DAFAD /* UIKit.framework */ = {isa = PBXFileReference; lastKnownFileType = wrapper.framework; name = UIKit.framework; path = System/Library/Frameworks/UIKit.framework; sourceTree = SDKROOT; };
		2F94CD7518D419F1007DAFAD /* SpriteKit.framework */ = {isa = PBXFileReference; lastKnownFileType = wrapper.framework; name = SpriteKit.framework; path = System/Library/Frameworks/SpriteKit.framework; sourceTree = SDKROOT; };
		2F94CD7918D419F1007DAFAD /* NinjaJump-Info.plist */ = {isa = PBXFileReference; lastKnownFileType = text.plist.xml; path = "NinjaJump-Info.plist"; sourceTree = "<group>"; };
		2F94CD7B18D419F1007DAFAD /* en */ = {isa = PBXFileReference; lastKnownFileType = text.plist.strings; name = en; path = en.lproj/InfoPlist.strings; sourceTree = "<group>"; };
		2F94CD7D18D419F1007DAFAD /* main.m */ = {isa = PBXFileReference; lastKnownFileType = sourcecode.c.objc; path = main.m; sourceTree = "<group>"; };
		2F94CD7F18D419F1007DAFAD /* NinjaJump-Prefix.pch */ = {isa = PBXFileReference; lastKnownFileType = sourcecode.c.h; path = "NinjaJump-Prefix.pch"; sourceTree = "<group>"; };
		2F94CD8018D419F1007DAFAD /* NJAppDelegate.h */ = {isa = PBXFileReference; lastKnownFileType = sourcecode.c.h; path = NJAppDelegate.h; sourceTree = "<group>"; };
		2F94CD8118D419F1007DAFAD /* NJAppDelegate.m */ = {isa = PBXFileReference; lastKnownFileType = sourcecode.c.objc; path = NJAppDelegate.m; sourceTree = "<group>"; };
		2F94CD8418D419F1007DAFAD /* Base */ = {isa = PBXFileReference; lastKnownFileType = file.storyboard; name = Base; path = Base.lproj/Main.storyboard; sourceTree = "<group>"; };
		2F94CD8618D419F1007DAFAD /* NJViewController.h */ = {isa = PBXFileReference; lastKnownFileType = sourcecode.c.h; path = NJViewController.h; sourceTree = "<group>"; };
		2F94CD8718D419F1007DAFAD /* NJViewController.m */ = {isa = PBXFileReference; lastKnownFileType = sourcecode.c.objc; path = NJViewController.m; sourceTree = "<group>"; };
		2F94CD8E18D419F1007DAFAD /* Images.xcassets */ = {isa = PBXFileReference; lastKnownFileType = folder.assetcatalog; path = Images.xcassets; sourceTree = "<group>"; };
		2F94CD9418D419F1007DAFAD /* NinjaJumpTests.xctest */ = {isa = PBXFileReference; explicitFileType = wrapper.cfbundle; includeInIndex = 0; path = NinjaJumpTests.xctest; sourceTree = BUILT_PRODUCTS_DIR; };
		2F94CD9518D419F1007DAFAD /* XCTest.framework */ = {isa = PBXFileReference; lastKnownFileType = wrapper.framework; name = XCTest.framework; path = Library/Frameworks/XCTest.framework; sourceTree = DEVELOPER_DIR; };
		2F94CD9D18D419F1007DAFAD /* NinjaJumpTests-Info.plist */ = {isa = PBXFileReference; lastKnownFileType = text.plist.xml; path = "NinjaJumpTests-Info.plist"; sourceTree = "<group>"; };
		2F94CD9F18D419F1007DAFAD /* en */ = {isa = PBXFileReference; lastKnownFileType = text.plist.strings; name = en; path = en.lproj/InfoPlist.strings; sourceTree = "<group>"; };
		2F94CDA118D419F1007DAFAD /* NinjaJumpTests.m */ = {isa = PBXFileReference; lastKnownFileType = sourcecode.c.objc; path = NinjaJumpTests.m; sourceTree = "<group>"; };
		2FC5689C18E1BC9B00C6589D /* NJButton.h */ = {isa = PBXFileReference; fileEncoding = 4; lastKnownFileType = sourcecode.c.h; name = NJButton.h; path = Sprites/Control/NJButton.h; sourceTree = "<group>"; };
		2FC5689D18E1BC9B00C6589D /* NJButton.m */ = {isa = PBXFileReference; fileEncoding = 4; lastKnownFileType = sourcecode.c.objc; name = NJButton.m; path = Sprites/Control/NJButton.m; sourceTree = "<group>"; };
		2FC5689E18E1BC9B00C6589D /* NJHPBar.h */ = {isa = PBXFileReference; fileEncoding = 4; lastKnownFileType = sourcecode.c.h; name = NJHPBar.h; path = Sprites/Control/NJHPBar.h; sourceTree = "<group>"; };
		2FC5689F18E1BC9B00C6589D /* NJHPBar.m */ = {isa = PBXFileReference; fileEncoding = 4; lastKnownFileType = sourcecode.c.objc; name = NJHPBar.m; path = Sprites/Control/NJHPBar.m; sourceTree = "<group>"; };
		2FC568A218E1BCA900C6589D /* NJCharacter.h */ = {isa = PBXFileReference; fileEncoding = 4; lastKnownFileType = sourcecode.c.h; name = NJCharacter.h; path = Sprites/Characters/NJCharacter.h; sourceTree = "<group>"; };
		2FC568A318E1BCA900C6589D /* NJCharacter.m */ = {isa = PBXFileReference; fileEncoding = 4; lastKnownFileType = sourcecode.c.objc; name = NJCharacter.m; path = Sprites/Characters/NJCharacter.m; sourceTree = "<group>"; };
		2FC568A418E1BCA900C6589D /* NJNinjaCharacter.h */ = {isa = PBXFileReference; fileEncoding = 4; lastKnownFileType = sourcecode.c.h; name = NJNinjaCharacter.h; path = Sprites/Characters/NJNinjaCharacter.h; sourceTree = "<group>"; };
		2FC568A518E1BCA900C6589D /* NJNinjaCharacter.m */ = {isa = PBXFileReference; fileEncoding = 4; lastKnownFileType = sourcecode.c.objc; name = NJNinjaCharacter.m; path = Sprites/Characters/NJNinjaCharacter.m; sourceTree = "<group>"; };
		2FC568A618E1BCA900C6589D /* NJNinjaCharacterNormal.h */ = {isa = PBXFileReference; fileEncoding = 4; lastKnownFileType = sourcecode.c.h; name = NJNinjaCharacterNormal.h; path = Sprites/Characters/NJNinjaCharacterNormal.h; sourceTree = "<group>"; };
		2FC568A718E1BCA900C6589D /* NJNinjaCharacterNormal.m */ = {isa = PBXFileReference; fileEncoding = 4; lastKnownFileType = sourcecode.c.objc; name = NJNinjaCharacterNormal.m; path = Sprites/Characters/NJNinjaCharacterNormal.m; sourceTree = "<group>"; };
		2FC568AC18E1BCFF00C6589D /* NJGraphicsUnitilities.h */ = {isa = PBXFileReference; fileEncoding = 4; lastKnownFileType = sourcecode.c.h; name = NJGraphicsUnitilities.h; path = Utilities/NJGraphicsUnitilities.h; sourceTree = "<group>"; };
		2FC568AD18E1BCFF00C6589D /* NJGraphicsUnitilities.m */ = {isa = PBXFileReference; fileEncoding = 4; lastKnownFileType = sourcecode.c.objc; name = NJGraphicsUnitilities.m; path = Utilities/NJGraphicsUnitilities.m; sourceTree = "<group>"; };
		2FC568AF18E1BD5000C6589D /* NJScroll.h */ = {isa = PBXFileReference; fileEncoding = 4; lastKnownFileType = sourcecode.c.h; name = NJScroll.h; path = Sprites/Item/NJScroll.h; sourceTree = "<group>"; };
		2FC568B018E1BD5000C6589D /* NJScroll.m */ = {isa = PBXFileReference; fileEncoding = 4; lastKnownFileType = sourcecode.c.objc; name = NJScroll.m; path = Sprites/Item/NJScroll.m; sourceTree = "<group>"; };
		2FC568B218E1BD8000C6589D /* NJLoadScene.h */ = {isa = PBXFileReference; fileEncoding = 4; lastKnownFileType = sourcecode.c.h; name = NJLoadScene.h; path = Scenes/NJLoadScene.h; sourceTree = "<group>"; };
		2FC568B318E1BD8000C6589D /* NJLoadScene.m */ = {isa = PBXFileReference; fileEncoding = 4; lastKnownFileType = sourcecode.c.objc; name = NJLoadScene.m; path = Scenes/NJLoadScene.m; sourceTree = "<group>"; };
		2FC568B518E1BE0900C6589D /* jumpButton.png */ = {isa = PBXFileReference; lastKnownFileType = image.png; name = jumpButton.png; path = Assets/GameBoard/jumpButton.png; sourceTree = "<group>"; };
		2FC568B618E1BE0900C6589D /* spawnLight.png */ = {isa = PBXFileReference; lastKnownFileType = image.png; name = spawnLight.png; path = Assets/GameBoard/spawnLight.png; sourceTree = "<group>"; };
		2FC568B718E1BE0900C6589D /* spotlight.png */ = {isa = PBXFileReference; lastKnownFileType = image.png; name = spotlight.png; path = Assets/GameBoard/spotlight.png; sourceTree = "<group>"; };
		2FC568B818E1BE0900C6589D /* waterParkBG.png */ = {isa = PBXFileReference; lastKnownFileType = image.png; name = waterParkBG.png; path = Assets/GameBoard/waterParkBG.png; sourceTree = "<group>"; };
		2FC568B918E1BE0900C6589D /* woodPile.png */ = {isa = PBXFileReference; lastKnownFileType = image.png; name = woodPile.png; path = Assets/GameBoard/woodPile.png; sourceTree = "<group>"; };
		2FC568BF18E1BE3B00C6589D /* shuriken.png */ = {isa = PBXFileReference; lastKnownFileType = image.png; name = shuriken.png; path = Assets/Items/shuriken.png; sourceTree = "<group>"; };
		2FC568C318E1BEC000C6589D /* ninja.png */ = {isa = PBXFileReference; lastKnownFileType = image.png; name = ninja.png; path = Assets/GameBoard/ninja.png; sourceTree = "<group>"; };
		2FC568C718E1EBC000C6589D /* Ninja_Attack.atlas */ = {isa = PBXFileReference; lastKnownFileType = folder.skatlas; name = Ninja_Attack.atlas; path = "Assets/Texture Altases/Ninja_Attack.atlas"; sourceTree = "<group>"; };
		C41270EC18E1D3AF00CAC44A /* fireScroll.png */ = {isa = PBXFileReference; lastKnownFileType = image.png; name = fireScroll.png; path = Assets/Items/fireScroll.png; sourceTree = "<group>"; };
		C41270ED18E1D3AF00CAC44A /* iceScroll.png */ = {isa = PBXFileReference; lastKnownFileType = image.png; name = iceScroll.png; path = Assets/Items/iceScroll.png; sourceTree = "<group>"; };
		C41270EE18E1D3AF00CAC44A /* thunderScroll.png */ = {isa = PBXFileReference; lastKnownFileType = image.png; name = thunderScroll.png; path = Assets/Items/thunderScroll.png; sourceTree = "<group>"; };
		C41270EF18E1D3AF00CAC44A /* windScroll.png */ = {isa = PBXFileReference; lastKnownFileType = image.png; name = windScroll.png; path = Assets/Items/windScroll.png; sourceTree = "<group>"; };
		C41270F418E1D41500CAC44A /* medikit.png */ = {isa = PBXFileReference; lastKnownFileType = image.png; name = medikit.png; path = Assets/Items/medikit.png; sourceTree = "<group>"; };
		C42170C118E066F800942374 /* NJSpecialItem.h */ = {isa = PBXFileReference; fileEncoding = 4; lastKnownFileType = sourcecode.c.h; name = NJSpecialItem.h; path = Sprites/Item/NJSpecialItem.h; sourceTree = "<group>"; };
		C42170C218E066F800942374 /* NJSpecialItem.m */ = {isa = PBXFileReference; fileEncoding = 4; lastKnownFileType = sourcecode.c.objc; name = NJSpecialItem.m; path = Sprites/Item/NJSpecialItem.m; sourceTree = "<group>"; };
		C42170C418E0672400942374 /* NJTool.h */ = {isa = PBXFileReference; fileEncoding = 4; lastKnownFileType = sourcecode.c.h; name = NJTool.h; path = Sprites/Item/NJTool.h; sourceTree = "<group>"; };
		C42170C518E0672400942374 /* NJTool.m */ = {isa = PBXFileReference; fileEncoding = 4; lastKnownFileType = sourcecode.c.objc; name = NJTool.m; path = Sprites/Item/NJTool.m; sourceTree = "<group>"; };
		C42170CD18E0685500942374 /* NJMine.h */ = {isa = PBXFileReference; fileEncoding = 4; lastKnownFileType = sourcecode.c.h; name = NJMine.h; path = Sprites/Item/NJMine.h; sourceTree = "<group>"; };
		C42170CE18E0685500942374 /* NJMine.m */ = {isa = PBXFileReference; fileEncoding = 4; lastKnownFileType = sourcecode.c.objc; name = NJMine.m; path = Sprites/Item/NJMine.m; sourceTree = "<group>"; };
		C42170D318E0687800942374 /* NJShuriken.h */ = {isa = PBXFileReference; fileEncoding = 4; lastKnownFileType = sourcecode.c.h; name = NJShuriken.h; path = Sprites/Item/NJShuriken.h; sourceTree = "<group>"; };
		C42170D418E0687800942374 /* NJShuriken.m */ = {isa = PBXFileReference; fileEncoding = 4; lastKnownFileType = sourcecode.c.objc; name = NJShuriken.m; path = Sprites/Item/NJShuriken.m; sourceTree = "<group>"; };
		C42170D618E0689100942374 /* NJMedikit.h */ = {isa = PBXFileReference; fileEncoding = 4; lastKnownFileType = sourcecode.c.h; name = NJMedikit.h; path = Sprites/Item/NJMedikit.h; sourceTree = "<group>"; };
		C42170D718E0689100942374 /* NJMedikit.m */ = {isa = PBXFileReference; fileEncoding = 4; lastKnownFileType = sourcecode.c.objc; name = NJMedikit.m; path = Sprites/Item/NJMedikit.m; sourceTree = "<group>"; };
		C42170DC18E068C100942374 /* NJThunderScroll.h */ = {isa = PBXFileReference; fileEncoding = 4; lastKnownFileType = sourcecode.c.h; name = NJThunderScroll.h; path = Sprites/Item/NJThunderScroll.h; sourceTree = "<group>"; };
		C42170DD18E068C100942374 /* NJThunderScroll.m */ = {isa = PBXFileReference; fileEncoding = 4; lastKnownFileType = sourcecode.c.objc; name = NJThunderScroll.m; path = Sprites/Item/NJThunderScroll.m; sourceTree = "<group>"; };
		C42170DF18E068CF00942374 /* NJWindScroll.h */ = {isa = PBXFileReference; fileEncoding = 4; lastKnownFileType = sourcecode.c.h; name = NJWindScroll.h; path = Sprites/Item/NJWindScroll.h; sourceTree = "<group>"; };
		C42170E018E068CF00942374 /* NJWindScroll.m */ = {isa = PBXFileReference; fileEncoding = 4; lastKnownFileType = sourcecode.c.objc; name = NJWindScroll.m; path = Sprites/Item/NJWindScroll.m; sourceTree = "<group>"; };
		C42170E218E068DD00942374 /* NJIceScroll.h */ = {isa = PBXFileReference; fileEncoding = 4; lastKnownFileType = sourcecode.c.h; name = NJIceScroll.h; path = Sprites/Item/NJIceScroll.h; sourceTree = "<group>"; };
		C42170E318E068DD00942374 /* NJIceScroll.m */ = {isa = PBXFileReference; fileEncoding = 4; lastKnownFileType = sourcecode.c.objc; name = NJIceScroll.m; path = Sprites/Item/NJIceScroll.m; sourceTree = "<group>"; };
		C42170E518E068E800942374 /* NJFireScroll.h */ = {isa = PBXFileReference; fileEncoding = 4; lastKnownFileType = sourcecode.c.h; name = NJFireScroll.h; path = Sprites/Item/NJFireScroll.h; sourceTree = "<group>"; };
		C42170E618E068E800942374 /* NJFireScroll.m */ = {isa = PBXFileReference; fileEncoding = 4; lastKnownFileType = sourcecode.c.objc; name = NJFireScroll.m; path = Sprites/Item/NJFireScroll.m; sourceTree = "<group>"; };
		C4CAA7FB18DB21830070F3D5 /* NJPath.h */ = {isa = PBXFileReference; fileEncoding = 4; lastKnownFileType = sourcecode.c.h; name = NJPath.h; path = Sprites/pile/NJPath.h; sourceTree = "<group>"; };
		C4CAA7FC18DB21830070F3D5 /* NJPath.m */ = {isa = PBXFileReference; fileEncoding = 4; lastKnownFileType = sourcecode.c.objc; name = NJPath.m; path = Sprites/pile/NJPath.m; sourceTree = "<group>"; };
		C4CAA7FD18DB21830070F3D5 /* NJPile.h */ = {isa = PBXFileReference; fileEncoding = 4; lastKnownFileType = sourcecode.c.h; name = NJPile.h; path = Sprites/pile/NJPile.h; sourceTree = "<group>"; };
		C4CAA7FE18DB21830070F3D5 /* NJPile.m */ = {isa = PBXFileReference; fileEncoding = 4; lastKnownFileType = sourcecode.c.objc; name = NJPile.m; path = Sprites/pile/NJPile.m; sourceTree = "<group>"; };
		C4F0821218E4569E00F81C8C /* NJEffectShurikenMulti.h */ = {isa = PBXFileReference; fileEncoding = 4; lastKnownFileType = sourcecode.c.h; name = NJEffectShurikenMulti.h; path = Sprites/ItemEffect/NJEffectShurikenMulti.h; sourceTree = "<group>"; };
		C4F0821318E4569E00F81C8C /* NJEffectShurikenMulti.m */ = {isa = PBXFileReference; fileEncoding = 4; lastKnownFileType = sourcecode.c.objc; name = NJEffectShurikenMulti.m; path = Sprites/ItemEffect/NJEffectShurikenMulti.m; sourceTree = "<group>"; };
		C4F0821518E459B700F81C8C /* NJItemEffect.h */ = {isa = PBXFileReference; fileEncoding = 4; lastKnownFileType = sourcecode.c.h; name = NJItemEffect.h; path = Sprites/ItemEffect/NJItemEffect.h; sourceTree = "<group>"; };
		C4F0821618E459B700F81C8C /* NJItemEffect.m */ = {isa = PBXFileReference; fileEncoding = 4; lastKnownFileType = sourcecode.c.objc; name = NJItemEffect.m; path = Sprites/ItemEffect/NJItemEffect.m; sourceTree = "<group>"; };
		C4F0821918E4708300F81C8C /* shurikenEffect.png */ = {isa = PBXFileReference; lastKnownFileType = image.png; name = shurikenEffect.png; path = Assets/effect/shurikenEffect.png; sourceTree = "<group>"; };
		C4F0821B18E472C100F81C8C /* shurikenLong.png */ = {isa = PBXFileReference; lastKnownFileType = image.png; name = shurikenLong.png; path = Assets/Items/shurikenLong.png; sourceTree = "<group>"; };
		C931A93718E05EF7002FE154 /* ready buttons.png */ = {isa = PBXFileReference; lastKnownFileType = image.png; name = "ready buttons.png"; path = "Assets/selection scene/ready buttons.png"; sourceTree = "<group>"; };
		C931A93818E05EF7002FE154 /* shade.png */ = {isa = PBXFileReference; lastKnownFileType = image.png; name = shade.png; path = "Assets/selection scene/shade.png"; sourceTree = "<group>"; };
		C931A93918E05EF7002FE154 /* start button.png */ = {isa = PBXFileReference; lastKnownFileType = image.png; name = "start button.png"; path = "Assets/selection scene/start button.png"; sourceTree = "<group>"; };
		C931A93A18E05EF7002FE154 /* touched button blue.png */ = {isa = PBXFileReference; lastKnownFileType = image.png; name = "touched button blue.png"; path = "Assets/selection scene/touched button blue.png"; sourceTree = "<group>"; };
		C931A93B18E05EF7002FE154 /* touched button brown.png */ = {isa = PBXFileReference; lastKnownFileType = image.png; name = "touched button brown.png"; path = "Assets/selection scene/touched button brown.png"; sourceTree = "<group>"; };
		C931A93C18E05EF7002FE154 /* touched button purple.png */ = {isa = PBXFileReference; lastKnownFileType = image.png; name = "touched button purple.png"; path = "Assets/selection scene/touched button purple.png"; sourceTree = "<group>"; };
		C931A93D18E05EF7002FE154 /* touched button red.png */ = {isa = PBXFileReference; lastKnownFileType = image.png; name = "touched button red.png"; path = "Assets/selection scene/touched button red.png"; sourceTree = "<group>"; };
		C931A94518E06358002FE154 /* logo.png */ = {isa = PBXFileReference; lastKnownFileType = image.png; name = logo.png; path = "Assets/loading scene/logo.png"; sourceTree = "<group>"; };
		C9B8F29118E05B3B00FA877E /* NJSelectCharacterButton.h */ = {isa = PBXFileReference; fileEncoding = 4; lastKnownFileType = sourcecode.c.h; name = NJSelectCharacterButton.h; path = Sprites/characterSelection/NJSelectCharacterButton.h; sourceTree = "<group>"; };
		C9B8F29218E05B3B00FA877E /* NJSelectCharacterButton.m */ = {isa = PBXFileReference; fileEncoding = 4; lastKnownFileType = sourcecode.c.objc; name = NJSelectCharacterButton.m; path = Sprites/characterSelection/NJSelectCharacterButton.m; sourceTree = "<group>"; };
		C9B8F29318E05B3B00FA877E /* NJSelectionButtonSystem.h */ = {isa = PBXFileReference; fileEncoding = 4; lastKnownFileType = sourcecode.c.h; name = NJSelectionButtonSystem.h; path = Sprites/characterSelection/NJSelectionButtonSystem.h; sourceTree = "<group>"; };
		C9B8F29418E05B3B00FA877E /* NJSelectionButtonSystem.m */ = {isa = PBXFileReference; fileEncoding = 4; lastKnownFileType = sourcecode.c.objc; name = NJSelectionButtonSystem.m; path = Sprites/characterSelection/NJSelectionButtonSystem.m; sourceTree = "<group>"; };
		C9B8F29B18E05E8400FA877E /* light.png */ = {isa = PBXFileReference; lastKnownFileType = image.png; name = light.png; path = "Assets/loading scene/light.png"; sourceTree = "<group>"; };
		C9B8F29C18E05E8400FA877E /* loading bar.png */ = {isa = PBXFileReference; lastKnownFileType = image.png; name = "loading bar.png"; path = "Assets/loading scene/loading bar.png"; sourceTree = "<group>"; };
		C9B8F29D18E05E8400FA877E /* loading bar2.png */ = {isa = PBXFileReference; lastKnownFileType = image.png; name = "loading bar2.png"; path = "Assets/loading scene/loading bar2.png"; sourceTree = "<group>"; };
		C9EC06F918E1CE7000C43E24 /* FireEffect.sks */ = {isa = PBXFileReference; lastKnownFileType = file.sks; name = FireEffect.sks; path = Particle/FireEffect.sks; sourceTree = "<group>"; };
		C9EC06FA18E1CE7000C43E24 /* spark.png */ = {isa = PBXFileReference; lastKnownFileType = image.png; name = spark.png; path = Particle/spark.png; sourceTree = "<group>"; };
		C9EC06FE18E1D16F00C43E24 /* fireArc.png */ = {isa = PBXFileReference; lastKnownFileType = image.png; name = fireArc.png; path = Assets/Particle/fireArc.png; sourceTree = "<group>"; };
/* End PBXFileReference section */

/* Begin PBXFrameworksBuildPhase section */
		2F94CD6918D419F1007DAFAD /* Frameworks */ = {
			isa = PBXFrameworksBuildPhase;
			buildActionMask = 2147483647;
			files = (
				2F94CD7218D419F1007DAFAD /* CoreGraphics.framework in Frameworks */,
				2F94CD7418D419F1007DAFAD /* UIKit.framework in Frameworks */,
				2F94CD7618D419F1007DAFAD /* SpriteKit.framework in Frameworks */,
				2F94CD7018D419F1007DAFAD /* Foundation.framework in Frameworks */,
			);
			runOnlyForDeploymentPostprocessing = 0;
		};
		2F94CD9118D419F1007DAFAD /* Frameworks */ = {
			isa = PBXFrameworksBuildPhase;
			buildActionMask = 2147483647;
			files = (
				2F94CD9618D419F1007DAFAD /* XCTest.framework in Frameworks */,
				2F94CD9818D419F1007DAFAD /* UIKit.framework in Frameworks */,
				2F94CD9718D419F1007DAFAD /* Foundation.framework in Frameworks */,
			);
			runOnlyForDeploymentPostprocessing = 0;
		};
/* End PBXFrameworksBuildPhase section */

/* Begin PBXGroup section */
		2B21F14518D43005007220CF /* Sprites */ = {
			isa = PBXGroup;
			children = (
				C4F0820E18E4545C00F81C8C /* ItemEffect */,
				C42170C018E066AE00942374 /* Item */,
				C9B8F29018E05B1400FA877E /* playerSelection */,
				2F63E13518E029BA00E9A17B /* Control */,
				2F63E13418E0299A00E9A17B /* Characters */,
				2B21F14B18D430E8007220CF /* Utilities */,
				C9EC06F818E1CDFD00C43E24 /* Particle */,
				C4CAA7F418DB21520070F3D5 /* Pile */,
			);
			name = Sprites;
			sourceTree = "<group>";
		};
		2B21F14918D430B0007220CF /* Scenes */ = {
			isa = PBXGroup;
			children = (
				2FC568B218E1BD8000C6589D /* NJLoadScene.h */,
				2FC568B318E1BD8000C6589D /* NJLoadScene.m */,
				2B21F14C18D432C3007220CF /* NJMultiplayerLayeredCharacterScene.h */,
				2B21F14D18D432C3007220CF /* NJMultiplayerLayeredCharacterScene.m */,
				2B21F14F18D433D2007220CF /* NJLevelSceneWaterPark.h */,
				2B21F15018D433D2007220CF /* NJLevelSceneWaterPark.m */,
				2B21F15218D4342E007220CF /* NJPlayer.h */,
				2B21F15318D4342E007220CF /* NJPlayer.m */,
			);
			name = Scenes;
			sourceTree = "<group>";
		};
		2B21F14A18D430DB007220CF /* Assets */ = {
			isa = PBXGroup;
			children = (
				C4F0821818E4707C00F81C8C /* Effects */,
				C9EC06FD18E1D12A00C43E24 /* Particle */,
				2FC568C218E1BE5A00C6589D /* GameBoard */,
				2FC568C118E1BE4300C6589D /* Items */,
				C9B8F2A518E05E9E00FA877E /* selection scene */,
				C9B8F29A18E05D9400FA877E /* Load Scene */,
				2F63E13618E029F600E9A17B /* Control */,
				2B21F15618D43A2A007220CF /* Background */,
				2B21F15518D439DC007220CF /* Texture Atlases */,
			);
			name = Assets;
			sourceTree = "<group>";
		};
		2B21F14B18D430E8007220CF /* Utilities */ = {
			isa = PBXGroup;
			children = (
			);
			name = Utilities;
			path = "/Users/theflyingwolves/Documents/Xcode/final-project-group-02/NinjaJump";
			sourceTree = "<absolute>";
		};
		2B21F15518D439DC007220CF /* Texture Atlases */ = {
			isa = PBXGroup;
			children = (
				2FC568C718E1EBC000C6589D /* Ninja_Attack.atlas */,
				2B43F57518DEA8C9001D98AC /* Ninja_Jump.atlas */,
			);
			name = "Texture Atlases";
			sourceTree = "<group>";
		};
		2B21F15618D43A2A007220CF /* Background */ = {
			isa = PBXGroup;
			children = (
				2FC568B818E1BE0900C6589D /* waterParkBG.png */,
			);
			name = Background;
			sourceTree = "<group>";
		};
		2F45B43118E6A9B700482453 /* Range System */ = {
			isa = PBXGroup;
			children = (
				2F45B43218E6A9E100482453 /* NJRange.h */,
				2F45B43318E6A9E100482453 /* NJRange.m */,
				2F45B43518E6AC6C00482453 /* NJCircularRange.h */,
				2F45B43618E6AC6C00482453 /* NJCircularRange.m */,
				2F45B43818E6AC8E00482453 /* NJRectangularRange.h */,
				2F45B43918E6AC8E00482453 /* NJRectangularRange.m */,
				2F45B43B18E6AC9F00482453 /* NJFanRange.h */,
				2F45B43C18E6AC9F00482453 /* NJFanRange.m */,
			);
			name = "Range System";
			sourceTree = "<group>";
		};
		2F63E13418E0299A00E9A17B /* Characters */ = {
			isa = PBXGroup;
			children = (
				2FC568A218E1BCA900C6589D /* NJCharacter.h */,
				2FC568A318E1BCA900C6589D /* NJCharacter.m */,
				2FC568A418E1BCA900C6589D /* NJNinjaCharacter.h */,
				2FC568A518E1BCA900C6589D /* NJNinjaCharacter.m */,
				2FC568A618E1BCA900C6589D /* NJNinjaCharacterNormal.h */,
				2FC568A718E1BCA900C6589D /* NJNinjaCharacterNormal.m */,
			);
			name = Characters;
			sourceTree = "<group>";
		};
		2F63E13518E029BA00E9A17B /* Control */ = {
			isa = PBXGroup;
			children = (
				2FC5689C18E1BC9B00C6589D /* NJButton.h */,
				2FC5689D18E1BC9B00C6589D /* NJButton.m */,
				2F8A72B118E449B300B88E79 /* NJItemControl.h */,
				2F8A72B218E449B300B88E79 /* NJItemControl.m */,
				2FC5689E18E1BC9B00C6589D /* NJHPBar.h */,
				2FC5689F18E1BC9B00C6589D /* NJHPBar.m */,
			);
			name = Control;
			sourceTree = "<group>";
		};
		2F63E13618E029F600E9A17B /* Control */ = {
			isa = PBXGroup;
			children = (
				2FC568B518E1BE0900C6589D /* jumpButton.png */,
				2F63E12D18E0291500E9A17B /* hp_bar_bottom.png */,
				2F63E12E18E0291500E9A17B /* hp_bar.png */,
			);
			name = Control;
			sourceTree = "<group>";
		};
		2F94CD6318D419F1007DAFAD = {
			isa = PBXGroup;
			children = (
				2FC568AB18E1BCF200C6589D /* Utilities */,
				2B21F14918D430B0007220CF /* Scenes */,
				2B21F14518D43005007220CF /* Sprites */,
				2B21F14A18D430DB007220CF /* Assets */,
				2F94CD7718D419F1007DAFAD /* NinjaJump */,
				2F94CD9B18D419F1007DAFAD /* NinjaJumpTests */,
				2F94CD6E18D419F1007DAFAD /* Frameworks */,
				2F94CD6D18D419F1007DAFAD /* Products */,
			);
			sourceTree = "<group>";
		};
		2F94CD6D18D419F1007DAFAD /* Products */ = {
			isa = PBXGroup;
			children = (
				2F94CD6C18D419F1007DAFAD /* NinjaJump.app */,
				2F94CD9418D419F1007DAFAD /* NinjaJumpTests.xctest */,
			);
			name = Products;
			sourceTree = "<group>";
		};
		2F94CD6E18D419F1007DAFAD /* Frameworks */ = {
			isa = PBXGroup;
			children = (
				2F94CD6F18D419F1007DAFAD /* Foundation.framework */,
				2F94CD7118D419F1007DAFAD /* CoreGraphics.framework */,
				2F94CD7318D419F1007DAFAD /* UIKit.framework */,
				2F94CD7518D419F1007DAFAD /* SpriteKit.framework */,
				2F94CD9518D419F1007DAFAD /* XCTest.framework */,
			);
			name = Frameworks;
			sourceTree = "<group>";
		};
		2F94CD7718D419F1007DAFAD /* NinjaJump */ = {
			isa = PBXGroup;
			children = (
				2F94CD8018D419F1007DAFAD /* NJAppDelegate.h */,
				2F94CD8118D419F1007DAFAD /* NJAppDelegate.m */,
				2F94CD8318D419F1007DAFAD /* Main.storyboard */,
				2F94CD8618D419F1007DAFAD /* NJViewController.h */,
				2F94CD8718D419F1007DAFAD /* NJViewController.m */,
				2F94CD8E18D419F1007DAFAD /* Images.xcassets */,
				2F94CD7818D419F1007DAFAD /* Supporting Files */,
			);
			path = NinjaJump;
			sourceTree = "<group>";
		};
		2F94CD7818D419F1007DAFAD /* Supporting Files */ = {
			isa = PBXGroup;
			children = (
				2F94CD7918D419F1007DAFAD /* NinjaJump-Info.plist */,
				2F94CD7A18D419F1007DAFAD /* InfoPlist.strings */,
				2F94CD7D18D419F1007DAFAD /* main.m */,
				2F94CD7F18D419F1007DAFAD /* NinjaJump-Prefix.pch */,
			);
			name = "Supporting Files";
			sourceTree = "<group>";
		};
		2F94CD9B18D419F1007DAFAD /* NinjaJumpTests */ = {
			isa = PBXGroup;
			children = (
				2F94CDA118D419F1007DAFAD /* NinjaJumpTests.m */,
				2F94CD9C18D419F1007DAFAD /* Supporting Files */,
			);
			path = NinjaJumpTests;
			sourceTree = "<group>";
		};
		2F94CD9C18D419F1007DAFAD /* Supporting Files */ = {
			isa = PBXGroup;
			children = (
				2F94CD9D18D419F1007DAFAD /* NinjaJumpTests-Info.plist */,
				2F94CD9E18D419F1007DAFAD /* InfoPlist.strings */,
			);
			name = "Supporting Files";
			sourceTree = "<group>";
		};
		2FC568AB18E1BCF200C6589D /* Utilities */ = {
			isa = PBXGroup;
			children = (
				2F45B43118E6A9B700482453 /* Range System */,
				2FC568AC18E1BCFF00C6589D /* NJGraphicsUnitilities.h */,
				2FC568AD18E1BCFF00C6589D /* NJGraphicsUnitilities.m */,
			);
			name = Utilities;
			sourceTree = "<group>";
		};
		2FC568C118E1BE4300C6589D /* Items */ = {
			isa = PBXGroup;
			children = (
				2FC568BF18E1BE3B00C6589D /* shuriken.png */,
				C41270EC18E1D3AF00CAC44A /* fireScroll.png */,
				C41270ED18E1D3AF00CAC44A /* iceScroll.png */,
				C41270EE18E1D3AF00CAC44A /* thunderScroll.png */,
				C41270EF18E1D3AF00CAC44A /* windScroll.png */,
				C41270F418E1D41500CAC44A /* medikit.png */,
				C4F0821B18E472C100F81C8C /* shurikenLong.png */,
			);
			name = Items;
			sourceTree = "<group>";
		};
		2FC568C218E1BE5A00C6589D /* GameBoard */ = {
			isa = PBXGroup;
			children = (
				2F8A72B618E44F0A00B88E79 /* itemControl.png */,
				2FC568C318E1BEC000C6589D /* ninja.png */,
				2FC568B918E1BE0900C6589D /* woodPile.png */,
				2FC568B618E1BE0900C6589D /* spawnLight.png */,
			);
			name = GameBoard;
			sourceTree = "<group>";
		};
		C42170C018E066AE00942374 /* Item */ = {
			isa = PBXGroup;
			children = (
				C42170C118E066F800942374 /* NJSpecialItem.h */,
				C42170C218E066F800942374 /* NJSpecialItem.m */,
				C42170CB18E0678600942374 /* Scroll */,
				C42170CA18E0677400942374 /* Tool */,
			);
			name = Item;
			sourceTree = "<group>";
		};
		C42170CA18E0677400942374 /* Tool */ = {
			isa = PBXGroup;
			children = (
				C42170C418E0672400942374 /* NJTool.h */,
				C42170C518E0672400942374 /* NJTool.m */,
				C42170CD18E0685500942374 /* NJMine.h */,
				C42170CE18E0685500942374 /* NJMine.m */,
				C42170D318E0687800942374 /* NJShuriken.h */,
				C42170D418E0687800942374 /* NJShuriken.m */,
				C42170D618E0689100942374 /* NJMedikit.h */,
				C42170D718E0689100942374 /* NJMedikit.m */,
			);
			name = Tool;
			sourceTree = "<group>";
		};
		C42170CB18E0678600942374 /* Scroll */ = {
			isa = PBXGroup;
			children = (
				2FC568AF18E1BD5000C6589D /* NJScroll.h */,
				2FC568B018E1BD5000C6589D /* NJScroll.m */,
				C42170DC18E068C100942374 /* NJThunderScroll.h */,
				C42170DD18E068C100942374 /* NJThunderScroll.m */,
				C42170DF18E068CF00942374 /* NJWindScroll.h */,
				C42170E018E068CF00942374 /* NJWindScroll.m */,
				C42170E218E068DD00942374 /* NJIceScroll.h */,
				C42170E318E068DD00942374 /* NJIceScroll.m */,
				C42170E518E068E800942374 /* NJFireScroll.h */,
				C42170E618E068E800942374 /* NJFireScroll.m */,
			);
			name = Scroll;
			sourceTree = "<group>";
		};
		C4CAA7F418DB21520070F3D5 /* Pile */ = {
			isa = PBXGroup;
			children = (
				C4CAA7FB18DB21830070F3D5 /* NJPath.h */,
				C4CAA7FC18DB21830070F3D5 /* NJPath.m */,
				C4CAA7FD18DB21830070F3D5 /* NJPile.h */,
				C4CAA7FE18DB21830070F3D5 /* NJPile.m */,
			);
			name = Pile;
			sourceTree = "<group>";
		};
		C4F0820E18E4545C00F81C8C /* ItemEffect */ = {
			isa = PBXGroup;
			children = (
				C4F0821218E4569E00F81C8C /* NJEffectShurikenMulti.h */,
				C4F0821318E4569E00F81C8C /* NJEffectShurikenMulti.m */,
				C4F0821518E459B700F81C8C /* NJItemEffect.h */,
				C4F0821618E459B700F81C8C /* NJItemEffect.m */,
			);
			name = ItemEffect;
			sourceTree = "<group>";
		};
		C4F0821818E4707C00F81C8C /* Effects */ = {
			isa = PBXGroup;
			children = (
				C4F0821918E4708300F81C8C /* shurikenEffect.png */,
			);
			name = Effects;
			sourceTree = "<group>";
		};
		C9B8F29018E05B1400FA877E /* playerSelection */ = {
			isa = PBXGroup;
			children = (
				C9B8F29118E05B3B00FA877E /* NJSelectCharacterButton.h */,
				C9B8F29218E05B3B00FA877E /* NJSelectCharacterButton.m */,
				C9B8F29318E05B3B00FA877E /* NJSelectionButtonSystem.h */,
				C9B8F29418E05B3B00FA877E /* NJSelectionButtonSystem.m */,
			);
			name = playerSelection;
			sourceTree = "<group>";
		};
		C9B8F29A18E05D9400FA877E /* Load Scene */ = {
			isa = PBXGroup;
			children = (
				C9B8F29B18E05E8400FA877E /* light.png */,
				C9B8F29C18E05E8400FA877E /* loading bar.png */,
				C9B8F29D18E05E8400FA877E /* loading bar2.png */,
				C931A94518E06358002FE154 /* logo.png */,
			);
			name = "Load Scene";
			sourceTree = "<group>";
		};
		C9B8F2A518E05E9E00FA877E /* selection scene */ = {
			isa = PBXGroup;
			children = (
				2FC568B718E1BE0900C6589D /* spotlight.png */,
				C931A93718E05EF7002FE154 /* ready buttons.png */,
				C931A93818E05EF7002FE154 /* shade.png */,
				C931A93918E05EF7002FE154 /* start button.png */,
				C931A93A18E05EF7002FE154 /* touched button blue.png */,
				C931A93B18E05EF7002FE154 /* touched button brown.png */,
				C931A93C18E05EF7002FE154 /* touched button purple.png */,
				C931A93D18E05EF7002FE154 /* touched button red.png */,
			);
			name = "selection scene";
			sourceTree = "<group>";
		};
		C9EC06F818E1CDFD00C43E24 /* Particle */ = {
			isa = PBXGroup;
			children = (
				C9EC06F918E1CE7000C43E24 /* FireEffect.sks */,
				C9EC06FA18E1CE7000C43E24 /* spark.png */,
			);
			name = Particle;
			sourceTree = "<group>";
		};
		C9EC06FD18E1D12A00C43E24 /* Particle */ = {
			isa = PBXGroup;
			children = (
				C9EC06FE18E1D16F00C43E24 /* fireArc.png */,
			);
			name = Particle;
			sourceTree = "<group>";
		};
/* End PBXGroup section */

/* Begin PBXNativeTarget section */
		2F94CD6B18D419F1007DAFAD /* NinjaJump */ = {
			isa = PBXNativeTarget;
			buildConfigurationList = 2F94CDA518D419F1007DAFAD /* Build configuration list for PBXNativeTarget "NinjaJump" */;
			buildPhases = (
				2F94CD6818D419F1007DAFAD /* Sources */,
				2F94CD6918D419F1007DAFAD /* Frameworks */,
				2F94CD6A18D419F1007DAFAD /* Resources */,
			);
			buildRules = (
			);
			dependencies = (
			);
			name = NinjaJump;
			productName = NinjaJump;
			productReference = 2F94CD6C18D419F1007DAFAD /* NinjaJump.app */;
			productType = "com.apple.product-type.application";
		};
		2F94CD9318D419F1007DAFAD /* NinjaJumpTests */ = {
			isa = PBXNativeTarget;
			buildConfigurationList = 2F94CDA818D419F1007DAFAD /* Build configuration list for PBXNativeTarget "NinjaJumpTests" */;
			buildPhases = (
				2F94CD9018D419F1007DAFAD /* Sources */,
				2F94CD9118D419F1007DAFAD /* Frameworks */,
				2F94CD9218D419F1007DAFAD /* Resources */,
			);
			buildRules = (
			);
			dependencies = (
				2F94CD9A18D419F1007DAFAD /* PBXTargetDependency */,
			);
			name = NinjaJumpTests;
			productName = NinjaJumpTests;
			productReference = 2F94CD9418D419F1007DAFAD /* NinjaJumpTests.xctest */;
			productType = "com.apple.product-type.bundle.unit-test";
		};
/* End PBXNativeTarget section */

/* Begin PBXProject section */
		2F94CD6418D419F1007DAFAD /* Project object */ = {
			isa = PBXProject;
			attributes = {
				CLASSPREFIX = NJ;
				LastUpgradeCheck = 0510;
				ORGANIZATIONNAME = "Wang Kunzhen";
				TargetAttributes = {
					2F94CD9318D419F1007DAFAD = {
						TestTargetID = 2F94CD6B18D419F1007DAFAD;
					};
				};
			};
			buildConfigurationList = 2F94CD6718D419F1007DAFAD /* Build configuration list for PBXProject "NinjaJump" */;
			compatibilityVersion = "Xcode 3.2";
			developmentRegion = English;
			hasScannedForEncodings = 0;
			knownRegions = (
				en,
				Base,
			);
			mainGroup = 2F94CD6318D419F1007DAFAD;
			productRefGroup = 2F94CD6D18D419F1007DAFAD /* Products */;
			projectDirPath = "";
			projectRoot = "";
			targets = (
				2F94CD6B18D419F1007DAFAD /* NinjaJump */,
				2F94CD9318D419F1007DAFAD /* NinjaJumpTests */,
			);
		};
/* End PBXProject section */

/* Begin PBXResourcesBuildPhase section */
		2F94CD6A18D419F1007DAFAD /* Resources */ = {
			isa = PBXResourcesBuildPhase;
			buildActionMask = 2147483647;
			files = (
				2FC568BC18E1BE0900C6589D /* spotlight.png in Resources */,
				C931A93F18E05EF7002FE154 /* shade.png in Resources */,
				C41270F118E1D3AF00CAC44A /* iceScroll.png in Resources */,
				C41270F518E1D41500CAC44A /* medikit.png in Resources */,
				2FC568BE18E1BE0900C6589D /* woodPile.png in Resources */,
				C41270F218E1D3AF00CAC44A /* thunderScroll.png in Resources */,
				C9B8F2A018E05E8400FA877E /* light.png in Resources */,
				2FC568BB18E1BE0900C6589D /* spawnLight.png in Resources */,
				C9EC06FC18E1CE7000C43E24 /* spark.png in Resources */,
				2F63E13018E0291500E9A17B /* hp_bar.png in Resources */,
				2FC568BA18E1BE0900C6589D /* jumpButton.png in Resources */,
				2F94CD7C18D419F1007DAFAD /* InfoPlist.strings in Resources */,
				C4F0821C18E472C100F81C8C /* shurikenLong.png in Resources */,
				C41270F018E1D3AF00CAC44A /* fireScroll.png in Resources */,
				C931A94318E05EF7002FE154 /* touched button purple.png in Resources */,
				C931A94218E05EF7002FE154 /* touched button brown.png in Resources */,
				2F94CD8F18D419F1007DAFAD /* Images.xcassets in Resources */,
				2FC568BD18E1BE0900C6589D /* waterParkBG.png in Resources */,
				2FC568C418E1BEC000C6589D /* ninja.png in Resources */,
				C931A94618E06358002FE154 /* logo.png in Resources */,
				2F94CD8518D419F1007DAFAD /* Main.storyboard in Resources */,
				C9B8F2A218E05E8400FA877E /* loading bar2.png in Resources */,
				C4F0821A18E4708300F81C8C /* shurikenEffect.png in Resources */,
				2FC568C818E1EBC000C6589D /* Ninja_Attack.atlas in Resources */,
				2F8A72B718E44F0A00B88E79 /* itemControl.png in Resources */,
				C931A93E18E05EF7002FE154 /* ready buttons.png in Resources */,
				C9B8F2A118E05E8400FA877E /* loading bar.png in Resources */,
				C931A94418E05EF7002FE154 /* touched button red.png in Resources */,
				C931A94118E05EF7002FE154 /* touched button blue.png in Resources */,
				C931A94018E05EF7002FE154 /* start button.png in Resources */,
				2FC568C018E1BE3B00C6589D /* shuriken.png in Resources */,
				C9EC06FF18E1D16F00C43E24 /* fireArc.png in Resources */,
				2F63E12F18E0291500E9A17B /* hp_bar_bottom.png in Resources */,
				C41270F318E1D3AF00CAC44A /* windScroll.png in Resources */,
				2B43F57618DEA8C9001D98AC /* Ninja_Jump.atlas in Resources */,
				C9EC06FB18E1CE7000C43E24 /* FireEffect.sks in Resources */,
			);
			runOnlyForDeploymentPostprocessing = 0;
		};
		2F94CD9218D419F1007DAFAD /* Resources */ = {
			isa = PBXResourcesBuildPhase;
			buildActionMask = 2147483647;
			files = (
				2F94CDA018D419F1007DAFAD /* InfoPlist.strings in Resources */,
			);
			runOnlyForDeploymentPostprocessing = 0;
		};
/* End PBXResourcesBuildPhase section */

/* Begin PBXSourcesBuildPhase section */
		2F94CD6818D419F1007DAFAD /* Sources */ = {
			isa = PBXSourcesBuildPhase;
			buildActionMask = 2147483647;
			files = (
				C42170CF18E0685500942374 /* NJMine.m in Sources */,
				2B21F14E18D432C3007220CF /* NJMultiplayerLayeredCharacterScene.m in Sources */,
				2F94CD8818D419F1007DAFAD /* NJViewController.m in Sources */,
				2F45B43418E6A9E100482453 /* NJRange.m in Sources */,
				2FC568B118E1BD5000C6589D /* NJScroll.m in Sources */,
				C9B8F29618E05B3B00FA877E /* NJSelectionButtonSystem.m in Sources */,
				2F45B43718E6AC6C00482453 /* NJCircularRange.m in Sources */,
				2FC568A918E1BCA900C6589D /* NJNinjaCharacter.m in Sources */,
				2FC568A118E1BC9B00C6589D /* NJHPBar.m in Sources */,
				C4F0821718E459B700F81C8C /* NJItemEffect.m in Sources */,
				2FC568A818E1BCA900C6589D /* NJCharacter.m in Sources */,
				C42170E718E068E800942374 /* NJFireScroll.m in Sources */,
				2B21F15418D4342E007220CF /* NJPlayer.m in Sources */,
				C42170C318E066F800942374 /* NJSpecialItem.m in Sources */,
				2B21F15118D433D2007220CF /* NJLevelSceneWaterPark.m in Sources */,
				2F45B43A18E6AC8E00482453 /* NJRectangularRange.m in Sources */,
				C42170C618E0672400942374 /* NJTool.m in Sources */,
				C4F0821418E4569E00F81C8C /* NJEffectShurikenMulti.m in Sources */,
				2FC568AE18E1BCFF00C6589D /* NJGraphicsUnitilities.m in Sources */,
				2F45B43D18E6AC9F00482453 /* NJFanRange.m in Sources */,
				2F8A72B318E449B300B88E79 /* NJItemControl.m in Sources */,
				C42170E118E068CF00942374 /* NJWindScroll.m in Sources */,
				C9B8F29518E05B3B00FA877E /* NJSelectCharacterButton.m in Sources */,
				2F94CD8218D419F1007DAFAD /* NJAppDelegate.m in Sources */,
				2FC568B418E1BD8000C6589D /* NJLoadScene.m in Sources */,
				C4CAA80018DB21830070F3D5 /* NJPile.m in Sources */,
				C42170D518E0687800942374 /* NJShuriken.m in Sources */,
				2F94CD7E18D419F1007DAFAD /* main.m in Sources */,
				2FC568AA18E1BCA900C6589D /* NJNinjaCharacterNormal.m in Sources */,
				C42170D818E0689100942374 /* NJMedikit.m in Sources */,
				C42170E418E068DD00942374 /* NJIceScroll.m in Sources */,
				C42170DE18E068C100942374 /* NJThunderScroll.m in Sources */,
				2FC568A018E1BC9B00C6589D /* NJButton.m in Sources */,
				C4CAA7FF18DB21830070F3D5 /* NJPath.m in Sources */,
			);
			runOnlyForDeploymentPostprocessing = 0;
		};
		2F94CD9018D419F1007DAFAD /* Sources */ = {
			isa = PBXSourcesBuildPhase;
			buildActionMask = 2147483647;
			files = (
				2F94CDA218D419F1007DAFAD /* NinjaJumpTests.m in Sources */,
			);
			runOnlyForDeploymentPostprocessing = 0;
		};
/* End PBXSourcesBuildPhase section */

/* Begin PBXTargetDependency section */
		2F94CD9A18D419F1007DAFAD /* PBXTargetDependency */ = {
			isa = PBXTargetDependency;
			target = 2F94CD6B18D419F1007DAFAD /* NinjaJump */;
			targetProxy = 2F94CD9918D419F1007DAFAD /* PBXContainerItemProxy */;
		};
/* End PBXTargetDependency section */

/* Begin PBXVariantGroup section */
		2F94CD7A18D419F1007DAFAD /* InfoPlist.strings */ = {
			isa = PBXVariantGroup;
			children = (
				2F94CD7B18D419F1007DAFAD /* en */,
			);
			name = InfoPlist.strings;
			sourceTree = "<group>";
		};
		2F94CD8318D419F1007DAFAD /* Main.storyboard */ = {
			isa = PBXVariantGroup;
			children = (
				2F94CD8418D419F1007DAFAD /* Base */,
			);
			name = Main.storyboard;
			sourceTree = "<group>";
		};
		2F94CD9E18D419F1007DAFAD /* InfoPlist.strings */ = {
			isa = PBXVariantGroup;
			children = (
				2F94CD9F18D419F1007DAFAD /* en */,
			);
			name = InfoPlist.strings;
			sourceTree = "<group>";
		};
/* End PBXVariantGroup section */

/* Begin XCBuildConfiguration section */
		2F94CDA318D419F1007DAFAD /* Debug */ = {
			isa = XCBuildConfiguration;
			buildSettings = {
				ALWAYS_SEARCH_USER_PATHS = NO;
				CLANG_CXX_LANGUAGE_STANDARD = "gnu++0x";
				CLANG_CXX_LIBRARY = "libc++";
				CLANG_ENABLE_MODULES = YES;
				CLANG_ENABLE_OBJC_ARC = YES;
				CLANG_WARN_BOOL_CONVERSION = YES;
				CLANG_WARN_CONSTANT_CONVERSION = YES;
				CLANG_WARN_DIRECT_OBJC_ISA_USAGE = YES_ERROR;
				CLANG_WARN_EMPTY_BODY = YES;
				CLANG_WARN_ENUM_CONVERSION = YES;
				CLANG_WARN_INT_CONVERSION = YES;
				CLANG_WARN_OBJC_ROOT_CLASS = YES_ERROR;
				CLANG_WARN__DUPLICATE_METHOD_MATCH = YES;
				"CODE_SIGN_IDENTITY[sdk=iphoneos*]" = "iPhone Developer";
				COPY_PHASE_STRIP = NO;
				GCC_C_LANGUAGE_STANDARD = gnu99;
				GCC_DYNAMIC_NO_PIC = NO;
				GCC_OPTIMIZATION_LEVEL = 0;
				GCC_PREPROCESSOR_DEFINITIONS = (
					"DEBUG=1",
					"$(inherited)",
				);
				GCC_SYMBOLS_PRIVATE_EXTERN = NO;
				GCC_WARN_64_TO_32_BIT_CONVERSION = YES;
				GCC_WARN_ABOUT_RETURN_TYPE = YES_ERROR;
				GCC_WARN_UNDECLARED_SELECTOR = YES;
				GCC_WARN_UNINITIALIZED_AUTOS = YES;
				GCC_WARN_UNUSED_FUNCTION = YES;
				GCC_WARN_UNUSED_VARIABLE = YES;
				IPHONEOS_DEPLOYMENT_TARGET = 7.0;
				ONLY_ACTIVE_ARCH = YES;
				SDKROOT = iphoneos;
				TARGETED_DEVICE_FAMILY = 2;
			};
			name = Debug;
		};
		2F94CDA418D419F1007DAFAD /* Release */ = {
			isa = XCBuildConfiguration;
			buildSettings = {
				ALWAYS_SEARCH_USER_PATHS = NO;
				CLANG_CXX_LANGUAGE_STANDARD = "gnu++0x";
				CLANG_CXX_LIBRARY = "libc++";
				CLANG_ENABLE_MODULES = YES;
				CLANG_ENABLE_OBJC_ARC = YES;
				CLANG_WARN_BOOL_CONVERSION = YES;
				CLANG_WARN_CONSTANT_CONVERSION = YES;
				CLANG_WARN_DIRECT_OBJC_ISA_USAGE = YES_ERROR;
				CLANG_WARN_EMPTY_BODY = YES;
				CLANG_WARN_ENUM_CONVERSION = YES;
				CLANG_WARN_INT_CONVERSION = YES;
				CLANG_WARN_OBJC_ROOT_CLASS = YES_ERROR;
				CLANG_WARN__DUPLICATE_METHOD_MATCH = YES;
				"CODE_SIGN_IDENTITY[sdk=iphoneos*]" = "iPhone Developer";
				COPY_PHASE_STRIP = YES;
				ENABLE_NS_ASSERTIONS = NO;
				GCC_C_LANGUAGE_STANDARD = gnu99;
				GCC_WARN_64_TO_32_BIT_CONVERSION = YES;
				GCC_WARN_ABOUT_RETURN_TYPE = YES_ERROR;
				GCC_WARN_UNDECLARED_SELECTOR = YES;
				GCC_WARN_UNINITIALIZED_AUTOS = YES;
				GCC_WARN_UNUSED_FUNCTION = YES;
				GCC_WARN_UNUSED_VARIABLE = YES;
				IPHONEOS_DEPLOYMENT_TARGET = 7.0;
				SDKROOT = iphoneos;
				TARGETED_DEVICE_FAMILY = 2;
				VALIDATE_PRODUCT = YES;
			};
			name = Release;
		};
		2F94CDA618D419F1007DAFAD /* Debug */ = {
			isa = XCBuildConfiguration;
			buildSettings = {
				ASSETCATALOG_COMPILER_APPICON_NAME = AppIcon;
				ASSETCATALOG_COMPILER_LAUNCHIMAGE_NAME = LaunchImage;
				GCC_PRECOMPILE_PREFIX_HEADER = YES;
				GCC_PREFIX_HEADER = "NinjaJump/NinjaJump-Prefix.pch";
				INFOPLIST_FILE = "NinjaJump/NinjaJump-Info.plist";
				PRODUCT_NAME = "$(TARGET_NAME)";
				SPRITEKIT_TEXTURE_ATLAS_OUTPUT = YES;
				WRAPPER_EXTENSION = app;
			};
			name = Debug;
		};
		2F94CDA718D419F1007DAFAD /* Release */ = {
			isa = XCBuildConfiguration;
			buildSettings = {
				ASSETCATALOG_COMPILER_APPICON_NAME = AppIcon;
				ASSETCATALOG_COMPILER_LAUNCHIMAGE_NAME = LaunchImage;
				GCC_PRECOMPILE_PREFIX_HEADER = YES;
				GCC_PREFIX_HEADER = "NinjaJump/NinjaJump-Prefix.pch";
				INFOPLIST_FILE = "NinjaJump/NinjaJump-Info.plist";
				PRODUCT_NAME = "$(TARGET_NAME)";
				SPRITEKIT_TEXTURE_ATLAS_OUTPUT = YES;
				WRAPPER_EXTENSION = app;
			};
			name = Release;
		};
		2F94CDA918D419F1007DAFAD /* Debug */ = {
			isa = XCBuildConfiguration;
			buildSettings = {
				BUNDLE_LOADER = "$(BUILT_PRODUCTS_DIR)/NinjaJump.app/NinjaJump";
				FRAMEWORK_SEARCH_PATHS = (
					"$(SDKROOT)/Developer/Library/Frameworks",
					"$(inherited)",
					"$(DEVELOPER_FRAMEWORKS_DIR)",
				);
				GCC_PRECOMPILE_PREFIX_HEADER = YES;
				GCC_PREFIX_HEADER = "NinjaJump/NinjaJump-Prefix.pch";
				GCC_PREPROCESSOR_DEFINITIONS = (
					"DEBUG=1",
					"$(inherited)",
				);
				INFOPLIST_FILE = "NinjaJumpTests/NinjaJumpTests-Info.plist";
				PRODUCT_NAME = "$(TARGET_NAME)";
				TEST_HOST = "$(BUNDLE_LOADER)";
				WRAPPER_EXTENSION = xctest;
			};
			name = Debug;
		};
		2F94CDAA18D419F1007DAFAD /* Release */ = {
			isa = XCBuildConfiguration;
			buildSettings = {
				BUNDLE_LOADER = "$(BUILT_PRODUCTS_DIR)/NinjaJump.app/NinjaJump";
				FRAMEWORK_SEARCH_PATHS = (
					"$(SDKROOT)/Developer/Library/Frameworks",
					"$(inherited)",
					"$(DEVELOPER_FRAMEWORKS_DIR)",
				);
				GCC_PRECOMPILE_PREFIX_HEADER = YES;
				GCC_PREFIX_HEADER = "NinjaJump/NinjaJump-Prefix.pch";
				INFOPLIST_FILE = "NinjaJumpTests/NinjaJumpTests-Info.plist";
				PRODUCT_NAME = "$(TARGET_NAME)";
				TEST_HOST = "$(BUNDLE_LOADER)";
				WRAPPER_EXTENSION = xctest;
			};
			name = Release;
		};
/* End XCBuildConfiguration section */

/* Begin XCConfigurationList section */
		2F94CD6718D419F1007DAFAD /* Build configuration list for PBXProject "NinjaJump" */ = {
			isa = XCConfigurationList;
			buildConfigurations = (
				2F94CDA318D419F1007DAFAD /* Debug */,
				2F94CDA418D419F1007DAFAD /* Release */,
			);
			defaultConfigurationIsVisible = 0;
			defaultConfigurationName = Release;
		};
		2F94CDA518D419F1007DAFAD /* Build configuration list for PBXNativeTarget "NinjaJump" */ = {
			isa = XCConfigurationList;
			buildConfigurations = (
				2F94CDA618D419F1007DAFAD /* Debug */,
				2F94CDA718D419F1007DAFAD /* Release */,
			);
			defaultConfigurationIsVisible = 0;
			defaultConfigurationName = Release;
		};
		2F94CDA818D419F1007DAFAD /* Build configuration list for PBXNativeTarget "NinjaJumpTests" */ = {
			isa = XCConfigurationList;
			buildConfigurations = (
				2F94CDA918D419F1007DAFAD /* Debug */,
				2F94CDAA18D419F1007DAFAD /* Release */,
			);
			defaultConfigurationIsVisible = 0;
			defaultConfigurationName = Release;
		};
/* End XCConfigurationList section */
	};
	rootObject = 2F94CD6418D419F1007DAFAD /* Project object */;
}
